
Microsoft Visual Studio Solution File, Format Version 12.00
# Visual Studio 14
VisualStudioVersion = 14.0.25420.1
MinimumVisualStudioVersion = 10.0.40219.1
Project("{FAE04EC0-301F-11D3-BF4B-00C04F79EFBC}") = "01. Day of Week", "ConsoleApplication1\01. Day of Week.csproj", "{D7CD7BB7-8477-435B-BF66-87F50A30E5D2}"
EndProject
Project("{FAE04EC0-301F-11D3-BF4B-00C04F79EFBC}") = "02. Randomize Words", "ConsoleApplication2\02. Randomize Words.csproj", "{B375F127-1A76-4F81-8599-587DDF3C656F}"
EndProject
Project("{FAE04EC0-301F-11D3-BF4B-00C04F79EFBC}") = "03. Big Factorial", "03. Big Factorial\03. Big Factorial.csproj", "{1436325B-581D-4381-8BE7-F585DC9D442D}"
EndProject
Project("{FAE04EC0-301F-11D3-BF4B-00C04F79EFBC}") = "04. Distance between Points", "04. Distance between Points\04. Distance between Points.csproj", "{75E84FEF-C975-40E5-B8B7-F0105B12A6B8}"
EndProject
Global
	GlobalSection(SolutionConfigurationPlatforms) = preSolution
		Debug|Any CPU = Debug|Any CPU
		Release|Any CPU = Release|Any CPU
	EndGlobalSection
	GlobalSection(ProjectConfigurationPlatforms) = postSolution
		{D7CD7BB7-8477-435B-BF66-87F50A30E5D2}.Debug|Any CPU.ActiveCfg = Debug|Any CPU
		{D7CD7BB7-8477-435B-BF66-87F50A30E5D2}.Debug|Any CPU.Build.0 = Debug|Any CPU
		{D7CD7BB7-8477-435B-BF66-87F50A30E5D2}.Release|Any CPU.ActiveCfg = Release|Any CPU
		{D7CD7BB7-8477-435B-BF66-87F50A30E5D2}.Release|Any CPU.Build.0 = Release|Any CPU
		{B375F127-1A76-4F81-8599-587DDF3C656F}.Debug|Any CPU.ActiveCfg = Debug|Any CPU
		{B375F127-1A76-4F81-8599-587DDF3C656F}.Debug|Any CPU.Build.0 = Debug|Any CPU
		{B375F127-1A76-4F81-8599-587DDF3C656F}.Release|Any CPU.ActiveCfg = Release|Any CPU
		{B375F127-1A76-4F81-8599-587DDF3C656F}.Release|Any CPU.Build.0 = Release|Any CPU
		{1436325B-581D-4381-8BE7-F585DC9D442D}.Debug|Any CPU.ActiveCfg = Debug|Any CPU
		{1436325B-581D-4381-8BE7-F585DC9D442D}.Debug|Any CPU.Build.0 = Debug|Any CPU
		{1436325B-581D-4381-8BE7-F585DC9D442D}.Release|Any CPU.ActiveCfg = Release|Any CPU
		{1436325B-581D-4381-8BE7-F585DC9D442D}.Release|Any CPU.Build.0 = Release|Any CPU
		{75E84FEF-C975-40E5-B8B7-F0105B12A6B8}.Debug|Any CPU.ActiveCfg = Debug|Any CPU
		{75E84FEF-C975-40E5-B8B7-F0105B12A6B8}.Debug|Any CPU.Build.0 = Debug|Any CPU
		{75E84FEF-C975-40E5-B8B7-F0105B12A6B8}.Release|Any CPU.ActiveCfg = Release|Any CPU
		{75E84FEF-C975-40E5-B8B7-F0105B12A6B8}.Release|Any CPU.Build.0 = Release|Any CPU
	EndGlobalSection
	GlobalSection(SolutionProperties) = preSolution
		HideSolutionNode = FALSE
	EndGlobalSection
EndGlobal
