
Microsoft Visual Studio Solution File, Format Version 12.00
# Visual Studio 15
VisualStudioVersion = 15.0.26430.13
MinimumVisualStudioVersion = 10.0.40219.1
Project("{FAE04EC0-301F-11D3-BF4B-00C04F79EFBC}") = "01. Day of Week", "ConsoleApplication1\01. Day of Week.csproj", "{D7CD7BB7-8477-435B-BF66-87F50A30E5D2}"
EndProject
Project("{FAE04EC0-301F-11D3-BF4B-00C04F79EFBC}") = "02. Randomize Words", "ConsoleApplication2\02. Randomize Words.csproj", "{B375F127-1A76-4F81-8599-587DDF3C656F}"
EndProject
Project("{FAE04EC0-301F-11D3-BF4B-00C04F79EFBC}") = "03. Big Factorial", "03. Big Factorial\03. Big Factorial.csproj", "{1436325B-581D-4381-8BE7-F585DC9D442D}"
EndProject
Project("{FAE04EC0-301F-11D3-BF4B-00C04F79EFBC}") = "04. Distance between Points", "04. Distance between Points\04. Distance between Points.csproj", "{75E84FEF-C975-40E5-B8B7-F0105B12A6B8}"
EndProject
Project("{FAE04EC0-301F-11D3-BF4B-00C04F79EFBC}") = "05. Closest Two Points", "05. Closest Two Points\05. Closest Two Points.csproj", "{1AB7146B-0DA9-49BE-B541-957C6493EACD}"
EndProject
Project("{FAE04EC0-301F-11D3-BF4B-00C04F79EFBC}") = "06. Rectangle Position", "06. Rectangle Position\06. Rectangle Position.csproj", "{49944362-FFBF-4FF9-8789-A588C8B61A81}"
EndProject
Project("{FAE04EC0-301F-11D3-BF4B-00C04F79EFBC}") = "07. Sales Report", "07. Sales Report\07. Sales Report.csproj", "{F6731926-0937-40D9-B879-31669311A413}"
EndProject
Project("{FAE04EC0-301F-11D3-BF4B-00C04F79EFBC}") = "01. Exercises", "01. Exercises\01. Exercises.csproj", "{633A8311-6F82-4964-8732-5E6ADF23412E}"
EndProject
Project("{FAE04EC0-301F-11D3-BF4B-00C04F79EFBC}") = "02. Optimized Banking System", "02. Optimized Banking System\02. Optimized Banking System.csproj", "{17D643CA-30E6-475F-B3F9-25A55200CBF4}"
EndProject
Project("{FAE04EC0-301F-11D3-BF4B-00C04F79EFBC}") = "03. Animals", "03. Animals\03. Animals.csproj", "{067DC18E-8AB2-474F-B20D-D99FE1D05A11}"
EndProject
Project("{FAE04EC0-301F-11D3-BF4B-00C04F79EFBC}") = "04. Websites", "04. Websites\04. Websites.csproj", "{DC5DE574-5518-4209-AC6D-C859EF86F567}"
EndProject
Project("{FAE04EC0-301F-11D3-BF4B-00C04F79EFBC}") = "05. Boxes", "05. Boxes\05. Boxes.csproj", "{975341A3-736E-475A-A477-DFF06D2E59ED}"
EndProject
Project("{FAE04EC0-301F-11D3-BF4B-00C04F79EFBC}") = "06. Messages", "06. Messages\06. Messages.csproj", "{C0F9B40C-C9B2-4ACE-A7AB-B6E381EB8397}"
EndProject
Project("{FAE04EC0-301F-11D3-BF4B-00C04F79EFBC}") = "01. Count Work Days", "01. Count Work Days\01. Count Work Days.csproj", "{E863F2B8-3D8E-488A-8633-45AA64C2F5D9}"
EndProject
Project("{FAE04EC0-301F-11D3-BF4B-00C04F79EFBC}") = "02. Advertisement Message", "02. Advertisement Message\02. Advertisement Message.csproj", "{C27C0A06-8807-42FE-B9E8-D7C59D26041B}"
EndProject
Project("{FAE04EC0-301F-11D3-BF4B-00C04F79EFBC}") = "03. Circles Intersection", "03. Circles Intersection\03. Circles Intersection.csproj", "{05DB260D-D7CD-435A-B5B0-0FC3FF1D7A9E}"
EndProject
Project("{FAE04EC0-301F-11D3-BF4B-00C04F79EFBC}") = "04. Average Grades", "04. Average Grades\04. Average Grades.csproj", "{B178D054-F24B-4BCB-BA10-1C92F5004020}"
EndProject
Project("{FAE04EC0-301F-11D3-BF4B-00C04F79EFBC}") = "05. Book Library", "05. Book Library\05. Book Library.csproj", "{24897891-A04F-459A-B3D1-738BB3BCAF54}"
EndProject
Project("{FAE04EC0-301F-11D3-BF4B-00C04F79EFBC}") = "06. Book Library Modification", "06. Book Library Modification\06. Book Library Modification.csproj", "{0C5A9D68-327E-433F-AC61-F7CBFD998E56}"
EndProject
Project("{FAE04EC0-301F-11D3-BF4B-00C04F79EFBC}") = "07. Andrey and billiard", "7. Andrey and billiard\07. Andrey and billiard.csproj", "{9E928B97-0CEB-4265-ACA3-D014F4BBEDB7}"
EndProject
Project("{FAE04EC0-301F-11D3-BF4B-00C04F79EFBC}") = "08. MentorGroup", "08. MentorGroup\08. MentorGroup.csproj", "{AAA9C5F8-2789-4B44-A000-172296BD9EB1}"
EndProject
Global
	GlobalSection(SolutionConfigurationPlatforms) = preSolution
		Debug|Any CPU = Debug|Any CPU
		Release|Any CPU = Release|Any CPU
	EndGlobalSection
	GlobalSection(ProjectConfigurationPlatforms) = postSolution
		{D7CD7BB7-8477-435B-BF66-87F50A30E5D2}.Debug|Any CPU.ActiveCfg = Debug|Any CPU
		{D7CD7BB7-8477-435B-BF66-87F50A30E5D2}.Debug|Any CPU.Build.0 = Debug|Any CPU
		{D7CD7BB7-8477-435B-BF66-87F50A30E5D2}.Release|Any CPU.ActiveCfg = Release|Any CPU
		{D7CD7BB7-8477-435B-BF66-87F50A30E5D2}.Release|Any CPU.Build.0 = Release|Any CPU
		{B375F127-1A76-4F81-8599-587DDF3C656F}.Debug|Any CPU.ActiveCfg = Debug|Any CPU
		{B375F127-1A76-4F81-8599-587DDF3C656F}.Debug|Any CPU.Build.0 = Debug|Any CPU
		{B375F127-1A76-4F81-8599-587DDF3C656F}.Release|Any CPU.ActiveCfg = Release|Any CPU
		{B375F127-1A76-4F81-8599-587DDF3C656F}.Release|Any CPU.Build.0 = Release|Any CPU
		{1436325B-581D-4381-8BE7-F585DC9D442D}.Debug|Any CPU.ActiveCfg = Debug|Any CPU
		{1436325B-581D-4381-8BE7-F585DC9D442D}.Debug|Any CPU.Build.0 = Debug|Any CPU
		{1436325B-581D-4381-8BE7-F585DC9D442D}.Release|Any CPU.ActiveCfg = Release|Any CPU
		{1436325B-581D-4381-8BE7-F585DC9D442D}.Release|Any CPU.Build.0 = Release|Any CPU
		{75E84FEF-C975-40E5-B8B7-F0105B12A6B8}.Debug|Any CPU.ActiveCfg = Debug|Any CPU
		{75E84FEF-C975-40E5-B8B7-F0105B12A6B8}.Debug|Any CPU.Build.0 = Debug|Any CPU
		{75E84FEF-C975-40E5-B8B7-F0105B12A6B8}.Release|Any CPU.ActiveCfg = Release|Any CPU
		{75E84FEF-C975-40E5-B8B7-F0105B12A6B8}.Release|Any CPU.Build.0 = Release|Any CPU
		{1AB7146B-0DA9-49BE-B541-957C6493EACD}.Debug|Any CPU.ActiveCfg = Debug|Any CPU
		{1AB7146B-0DA9-49BE-B541-957C6493EACD}.Debug|Any CPU.Build.0 = Debug|Any CPU
		{1AB7146B-0DA9-49BE-B541-957C6493EACD}.Release|Any CPU.ActiveCfg = Release|Any CPU
		{1AB7146B-0DA9-49BE-B541-957C6493EACD}.Release|Any CPU.Build.0 = Release|Any CPU
		{49944362-FFBF-4FF9-8789-A588C8B61A81}.Debug|Any CPU.ActiveCfg = Debug|Any CPU
		{49944362-FFBF-4FF9-8789-A588C8B61A81}.Debug|Any CPU.Build.0 = Debug|Any CPU
		{49944362-FFBF-4FF9-8789-A588C8B61A81}.Release|Any CPU.ActiveCfg = Release|Any CPU
		{49944362-FFBF-4FF9-8789-A588C8B61A81}.Release|Any CPU.Build.0 = Release|Any CPU
		{F6731926-0937-40D9-B879-31669311A413}.Debug|Any CPU.ActiveCfg = Debug|Any CPU
		{F6731926-0937-40D9-B879-31669311A413}.Debug|Any CPU.Build.0 = Debug|Any CPU
		{F6731926-0937-40D9-B879-31669311A413}.Release|Any CPU.ActiveCfg = Release|Any CPU
		{F6731926-0937-40D9-B879-31669311A413}.Release|Any CPU.Build.0 = Release|Any CPU
		{633A8311-6F82-4964-8732-5E6ADF23412E}.Debug|Any CPU.ActiveCfg = Debug|Any CPU
		{633A8311-6F82-4964-8732-5E6ADF23412E}.Debug|Any CPU.Build.0 = Debug|Any CPU
		{633A8311-6F82-4964-8732-5E6ADF23412E}.Release|Any CPU.ActiveCfg = Release|Any CPU
		{633A8311-6F82-4964-8732-5E6ADF23412E}.Release|Any CPU.Build.0 = Release|Any CPU
		{17D643CA-30E6-475F-B3F9-25A55200CBF4}.Debug|Any CPU.ActiveCfg = Debug|Any CPU
		{17D643CA-30E6-475F-B3F9-25A55200CBF4}.Debug|Any CPU.Build.0 = Debug|Any CPU
		{17D643CA-30E6-475F-B3F9-25A55200CBF4}.Release|Any CPU.ActiveCfg = Release|Any CPU
		{17D643CA-30E6-475F-B3F9-25A55200CBF4}.Release|Any CPU.Build.0 = Release|Any CPU
		{067DC18E-8AB2-474F-B20D-D99FE1D05A11}.Debug|Any CPU.ActiveCfg = Debug|Any CPU
		{067DC18E-8AB2-474F-B20D-D99FE1D05A11}.Debug|Any CPU.Build.0 = Debug|Any CPU
		{067DC18E-8AB2-474F-B20D-D99FE1D05A11}.Release|Any CPU.ActiveCfg = Release|Any CPU
		{067DC18E-8AB2-474F-B20D-D99FE1D05A11}.Release|Any CPU.Build.0 = Release|Any CPU
		{DC5DE574-5518-4209-AC6D-C859EF86F567}.Debug|Any CPU.ActiveCfg = Debug|Any CPU
		{DC5DE574-5518-4209-AC6D-C859EF86F567}.Debug|Any CPU.Build.0 = Debug|Any CPU
		{DC5DE574-5518-4209-AC6D-C859EF86F567}.Release|Any CPU.ActiveCfg = Release|Any CPU
		{DC5DE574-5518-4209-AC6D-C859EF86F567}.Release|Any CPU.Build.0 = Release|Any CPU
		{975341A3-736E-475A-A477-DFF06D2E59ED}.Debug|Any CPU.ActiveCfg = Debug|Any CPU
		{975341A3-736E-475A-A477-DFF06D2E59ED}.Debug|Any CPU.Build.0 = Debug|Any CPU
		{975341A3-736E-475A-A477-DFF06D2E59ED}.Release|Any CPU.ActiveCfg = Release|Any CPU
		{975341A3-736E-475A-A477-DFF06D2E59ED}.Release|Any CPU.Build.0 = Release|Any CPU
		{C0F9B40C-C9B2-4ACE-A7AB-B6E381EB8397}.Debug|Any CPU.ActiveCfg = Debug|Any CPU
		{C0F9B40C-C9B2-4ACE-A7AB-B6E381EB8397}.Debug|Any CPU.Build.0 = Debug|Any CPU
		{C0F9B40C-C9B2-4ACE-A7AB-B6E381EB8397}.Release|Any CPU.ActiveCfg = Release|Any CPU
		{C0F9B40C-C9B2-4ACE-A7AB-B6E381EB8397}.Release|Any CPU.Build.0 = Release|Any CPU
		{E863F2B8-3D8E-488A-8633-45AA64C2F5D9}.Debug|Any CPU.ActiveCfg = Debug|Any CPU
		{E863F2B8-3D8E-488A-8633-45AA64C2F5D9}.Debug|Any CPU.Build.0 = Debug|Any CPU
		{E863F2B8-3D8E-488A-8633-45AA64C2F5D9}.Release|Any CPU.ActiveCfg = Release|Any CPU
		{E863F2B8-3D8E-488A-8633-45AA64C2F5D9}.Release|Any CPU.Build.0 = Release|Any CPU
		{C27C0A06-8807-42FE-B9E8-D7C59D26041B}.Debug|Any CPU.ActiveCfg = Debug|Any CPU
		{C27C0A06-8807-42FE-B9E8-D7C59D26041B}.Debug|Any CPU.Build.0 = Debug|Any CPU
		{C27C0A06-8807-42FE-B9E8-D7C59D26041B}.Release|Any CPU.ActiveCfg = Release|Any CPU
		{C27C0A06-8807-42FE-B9E8-D7C59D26041B}.Release|Any CPU.Build.0 = Release|Any CPU
		{05DB260D-D7CD-435A-B5B0-0FC3FF1D7A9E}.Debug|Any CPU.ActiveCfg = Debug|Any CPU
		{05DB260D-D7CD-435A-B5B0-0FC3FF1D7A9E}.Debug|Any CPU.Build.0 = Debug|Any CPU
		{05DB260D-D7CD-435A-B5B0-0FC3FF1D7A9E}.Release|Any CPU.ActiveCfg = Release|Any CPU
		{05DB260D-D7CD-435A-B5B0-0FC3FF1D7A9E}.Release|Any CPU.Build.0 = Release|Any CPU
		{B178D054-F24B-4BCB-BA10-1C92F5004020}.Debug|Any CPU.ActiveCfg = Debug|Any CPU
		{B178D054-F24B-4BCB-BA10-1C92F5004020}.Debug|Any CPU.Build.0 = Debug|Any CPU
		{B178D054-F24B-4BCB-BA10-1C92F5004020}.Release|Any CPU.ActiveCfg = Release|Any CPU
		{B178D054-F24B-4BCB-BA10-1C92F5004020}.Release|Any CPU.Build.0 = Release|Any CPU
		{24897891-A04F-459A-B3D1-738BB3BCAF54}.Debug|Any CPU.ActiveCfg = Debug|Any CPU
		{24897891-A04F-459A-B3D1-738BB3BCAF54}.Debug|Any CPU.Build.0 = Debug|Any CPU
		{24897891-A04F-459A-B3D1-738BB3BCAF54}.Release|Any CPU.ActiveCfg = Release|Any CPU
		{24897891-A04F-459A-B3D1-738BB3BCAF54}.Release|Any CPU.Build.0 = Release|Any CPU
		{0C5A9D68-327E-433F-AC61-F7CBFD998E56}.Debug|Any CPU.ActiveCfg = Debug|Any CPU
		{0C5A9D68-327E-433F-AC61-F7CBFD998E56}.Debug|Any CPU.Build.0 = Debug|Any CPU
		{0C5A9D68-327E-433F-AC61-F7CBFD998E56}.Release|Any CPU.ActiveCfg = Release|Any CPU
		{0C5A9D68-327E-433F-AC61-F7CBFD998E56}.Release|Any CPU.Build.0 = Release|Any CPU
		{9E928B97-0CEB-4265-ACA3-D014F4BBEDB7}.Debug|Any CPU.ActiveCfg = Debug|Any CPU
		{9E928B97-0CEB-4265-ACA3-D014F4BBEDB7}.Debug|Any CPU.Build.0 = Debug|Any CPU
		{9E928B97-0CEB-4265-ACA3-D014F4BBEDB7}.Release|Any CPU.ActiveCfg = Release|Any CPU
		{9E928B97-0CEB-4265-ACA3-D014F4BBEDB7}.Release|Any CPU.Build.0 = Release|Any CPU
		{AAA9C5F8-2789-4B44-A000-172296BD9EB1}.Debug|Any CPU.ActiveCfg = Debug|Any CPU
		{AAA9C5F8-2789-4B44-A000-172296BD9EB1}.Debug|Any CPU.Build.0 = Debug|Any CPU
		{AAA9C5F8-2789-4B44-A000-172296BD9EB1}.Release|Any CPU.ActiveCfg = Release|Any CPU
		{AAA9C5F8-2789-4B44-A000-172296BD9EB1}.Release|Any CPU.Build.0 = Release|Any CPU
	EndGlobalSection
	GlobalSection(SolutionProperties) = preSolution
		HideSolutionNode = FALSE
	EndGlobalSection
EndGlobal
