
Microsoft Visual Studio Solution File, Format Version 12.00
# Visual Studio 14
VisualStudioVersion = 14.0.25420.1
MinimumVisualStudioVersion = 10.0.40219.1
Project("{FAE04EC0-301F-11D3-BF4B-00C04F79EFBC}") = "SumArrayElements", "SumArrayElements\SumArrayElements.csproj", "{420489B8-8DD3-48DA-90DF-853544592BFF}"
EndProject
Project("{FAE04EC0-301F-11D3-BF4B-00C04F79EFBC}") = "MultiplyAnArrayOfDoubles", "MultiplyAnArrayOfDoubles\MultiplyAnArrayOfDoubles.csproj", "{27336BFA-AE5C-42C5-9A27-F41F32D7475F}"
EndProject
Project("{FAE04EC0-301F-11D3-BF4B-00C04F79EFBC}") = "SmallestElementInArray", "SmallestElementInArray\SmallestElementInArray.csproj", "{3D53FD6C-DD4F-40D3-9594-BDCBEB09C81D}"
EndProject
Project("{FAE04EC0-301F-11D3-BF4B-00C04F79EFBC}") = "RotateArrayOfStrings", "RotateArrayOfStrings\RotateArrayOfStrings.csproj", "{57DE9848-FE35-4240-B85D-F8DFFDDBB19C}"
EndProject
Project("{FAE04EC0-301F-11D3-BF4B-00C04F79EFBC}") = "CountOfOddNumbersInArray", "CountOfOddNumbersInArray\CountOfOddNumbersInArray.csproj", "{4A823DEC-A6F7-4EFC-BEAB-5C842C8BFCC0}"
EndProject
Project("{FAE04EC0-301F-11D3-BF4B-00C04F79EFBC}") = "OddNumbersAtOddPositions", "OddNumbersAtOddPositions\OddNumbersAtOddPositions.csproj", "{B97FA87B-7020-4655-96B0-B069E30762A7}"
EndProject
Project("{FAE04EC0-301F-11D3-BF4B-00C04F79EFBC}") = "Last3ConsecutiveEqualStrings", "Last3ConsecutiveEqualStrings\Last3ConsecutiveEqualStrings.csproj", "{5C9CFFD2-AD56-4660-80C0-403A03F4B792}"
EndProject
Project("{FAE04EC0-301F-11D3-BF4B-00C04F79EFBC}") = "ArrayElementsEqualToTheirIndex", "ArrayElementsEqualToTheirIndex\ArrayElementsEqualToTheirIndex.csproj", "{345546D2-201F-402C-B484-AFE16DF735B9}"
EndProject
Project("{FAE04EC0-301F-11D3-BF4B-00C04F79EFBC}") = "Phonebook", "Phonebook\Phonebook.csproj", "{3ED2C62D-A249-4B25-AAF6-FD0770117348}"
EndProject
Project("{FAE04EC0-301F-11D3-BF4B-00C04F79EFBC}") = "Phone", "Phone\Phone.csproj", "{561C36C6-97FF-4B77-A012-CB47D068165C}"
EndProject
Project("{FAE04EC0-301F-11D3-BF4B-00C04F79EFBC}") = "CharRotation", "CharRotation\CharRotation.csproj", "{12A95FC7-44C3-4813-8B41-DC94A7E213D3}"
EndProject
Project("{FAE04EC0-301F-11D3-BF4B-00C04F79EFBC}") = "PowerPlants", "PowerPlants\PowerPlants.csproj", "{2891B837-2AB0-4482-A383-90163D4CE25B}"
EndProject
Project("{FAE04EC0-301F-11D3-BF4B-00C04F79EFBC}") = "ResizableArray", "ResizableArray\ResizableArray.csproj", "{16F89439-FEB0-4C2E-9E6D-BB85460FB84A}"
EndProject
Project("{FAE04EC0-301F-11D3-BF4B-00C04F79EFBC}") = "LargestElementInArray", "LargestElementInArray\LargestElementInArray.csproj", "{9C75D9C0-E7B3-4253-B331-C3A6F0ED28A3}"
EndProject
Project("{FAE04EC0-301F-11D3-BF4B-00C04F79EFBC}") = "CountOfNegativeElementsInArray", "CountOfNegativeElementsInArray\CountOfNegativeElementsInArray.csproj", "{28105E9F-4632-4C6F-AA58-DCB03E9A7E4F}"
EndProject
Project("{FAE04EC0-301F-11D3-BF4B-00C04F79EFBC}") = "CountOfGivenElementInArray", "CountOfGivenElementInArray\CountOfGivenElementInArray.csproj", "{63ADE3DA-C885-4B8C-BFAE-F963B40D4D66}"
EndProject
Project("{FAE04EC0-301F-11D3-BF4B-00C04F79EFBC}") = "CountOccurrencesOfLargerNumbersInArray", "CountOccurrencesOfLargerNumbersInArray\CountOccurrencesOfLargerNumbersInArray.csproj", "{D4DDFE70-9036-41AA-A509-6E994FBB5F21}"
EndProject
Project("{FAE04EC0-301F-11D3-BF4B-00C04F79EFBC}") = "IncreasingSequenceOfElements", "IncreasingSequenceOfElements\IncreasingSequenceOfElements.csproj", "{BF3ACF89-14B1-44EB-91EB-918AAAFADE4D}"
EndProject
Project("{FAE04EC0-301F-11D3-BF4B-00C04F79EFBC}") = "EqualSequenceOfElementsInArray", "EqualSequenceOfElementsInArray\EqualSequenceOfElementsInArray.csproj", "{69F58E6C-0F17-42BD-9639-82B4FD0CDBE9}"
EndProject
Project("{FAE04EC0-301F-11D3-BF4B-00C04F79EFBC}") = "CountOfCapitalLettersInArray", "CountOfCapitalLettersInArray\CountOfCapitalLettersInArray.csproj", "{610D6E8B-D9F7-4F7C-9ED7-B1A6A93DB0DF}"
EndProject
Project("{FAE04EC0-301F-11D3-BF4B-00C04F79EFBC}") = "ArraySymmetry", "ArraySymmetry\ArraySymmetry.csproj", "{CAFB9142-F7D7-4E52-971A-E87ED05D97C2}"
EndProject
Project("{FAE04EC0-301F-11D3-BF4B-00C04F79EFBC}") = "Altitude", "Altitude\Altitude.csproj", "{ECDF1D90-7440-4593-9EDF-EF6164FC7F86}"
EndProject
Project("{FAE04EC0-301F-11D3-BF4B-00C04F79EFBC}") = "BallisticsTraining", "BallisticsTraining\BallisticsTraining.csproj", "{39E037D3-4CD6-42CA-A3A1-57B100F04632}"
EndProject
Project("{FAE04EC0-301F-11D3-BF4B-00C04F79EFBC}") = "DayOfWeek", "DayOfWeek\DayOfWeek.csproj", "{4E4BAB28-E53B-4CA9-812E-7EEC958889CB}"
EndProject
Project("{FAE04EC0-301F-11D3-BF4B-00C04F79EFBC}") = "ReverseAnArrayOfIntegers", "ReverseAnArrayOfIntegers\ReverseAnArrayOfIntegers.csproj", "{8E9F9FBF-EF46-43F0-B6B2-D7495279556A}"
EndProject
Project("{FAE04EC0-301F-11D3-BF4B-00C04F79EFBC}") = "LastKNumbersSumsSequence", "LastKNumbersSumsSequence\LastKNumbersSumsSequence.csproj", "{11C50618-29DF-4644-9BE6-AE80D57CF365}"
EndProject
Project("{FAE04EC0-301F-11D3-BF4B-00C04F79EFBC}") = "TripleSum", "TripleSum\TripleSum.csproj", "{C6485453-33F6-45ED-A6D8-45749798481D}"
EndProject
Project("{FAE04EC0-301F-11D3-BF4B-00C04F79EFBC}") = "RoundingNumbersAwayfromZero", "RoundingNumbersAwayfromZero\RoundingNumbersAwayfromZero.csproj", "{12CEEEF9-EF8C-40B7-B942-8E1435AD6CA0}"
EndProject
Project("{FAE04EC0-301F-11D3-BF4B-00C04F79EFBC}") = "ReverseAnArrayOfStrings", "ReverseAnArrayOfStrings\ReverseAnArrayOfStrings.csproj", "{89A2402D-4491-4CBE-B4AF-694895F8829B}"
EndProject
Project("{FAE04EC0-301F-11D3-BF4B-00C04F79EFBC}") = "SumArrays", "SumArrays\SumArrays.csproj", "{485412BA-3480-47B5-9B2A-74A4A278522E}"
EndProject
Project("{FAE04EC0-301F-11D3-BF4B-00C04F79EFBC}") = "CondenseArrayToNumber", "CondenseArrayToNumber\CondenseArrayToNumber.csproj", "{1AA240DD-B6BD-476F-B885-8B7EA54C073D}"
EndProject
Project("{FAE04EC0-301F-11D3-BF4B-00C04F79EFBC}") = "ExtractMiddleElements", "ExtractMiddleElements\ExtractMiddleElements.csproj", "{1C1D4A4D-EDF9-45EE-AB82-25296A65A87A}"
EndProject
Project("{FAE04EC0-301F-11D3-BF4B-00C04F79EFBC}") = "LargestCommonEnd", "LargestCommonEnd\LargestCommonEnd.csproj", "{F192DAE6-22A3-47F1-B310-AC20AA7F56B5}"
EndProject
Project("{FAE04EC0-301F-11D3-BF4B-00C04F79EFBC}") = "RotateAndSum", "RotateAndSum\RotateAndSum.csproj", "{78BC0E1B-06DB-4316-90DC-D126C9442862}"
EndProject
Project("{FAE04EC0-301F-11D3-BF4B-00C04F79EFBC}") = "FoldAndSum", "FoldAndSum\FoldAndSum.csproj", "{83722F7E-D20F-4E4B-B965-A3CF8CF0986E}"
EndProject
Project("{FAE04EC0-301F-11D3-BF4B-00C04F79EFBC}") = "SieveOfEratosthenes", "SieveOfEratosthenes\SieveOfEratosthenes.csproj", "{DD0B4EB9-E6EC-4DCB-A471-97D996F978A0}"
EndProject
Project("{FAE04EC0-301F-11D3-BF4B-00C04F79EFBC}") = "CompareCharArrays", "CompareCharArrays\CompareCharArrays.csproj", "{2E5E69D7-03B4-45A9-946F-097949C1642F}"
EndProject
Project("{FAE04EC0-301F-11D3-BF4B-00C04F79EFBC}") = "MaxSequenceOfEqualElements", "MaxSequenceOfEqualElements\MaxSequenceOfEqualElements.csproj", "{667D51F6-96DF-4E66-834F-E03FA86C7836}"
EndProject
Project("{FAE04EC0-301F-11D3-BF4B-00C04F79EFBC}") = "MaxSequenceOfIncreasing Elements", "MaxSequenceOfIncreasing Elements\MaxSequenceOfIncreasing Elements.csproj", "{692A462D-72AB-4BCC-BB3F-E6C6BD3AC6BC}"
EndProject
Project("{FAE04EC0-301F-11D3-BF4B-00C04F79EFBC}") = "MostFrequentNumber", "MostFrequentNumber\MostFrequentNumber.csproj", "{A8E22F17-282D-4C25-A0F3-7115B9806E12}"
EndProject
Project("{FAE04EC0-301F-11D3-BF4B-00C04F79EFBC}") = "IndexОfLetters", "IndexОfLetters\IndexОfLetters.csproj", "{C749B87E-3ACE-46D5-95AD-A6F28B33EC2D}"
EndProject
Project("{FAE04EC0-301F-11D3-BF4B-00C04F79EFBC}") = "PairsByDifference", "PairsByDifference\PairsByDifference.csproj", "{57EC95DA-B1A4-4BBB-8EAA-21C9200536FA}"
EndProject
Project("{FAE04EC0-301F-11D3-BF4B-00C04F79EFBC}") = "EqualSums", "EqualSums\EqualSums.csproj", "{5F2D5E54-BDA2-4CE5-8539-4DAA19923C5B}"
EndProject
Global
	GlobalSection(SolutionConfigurationPlatforms) = preSolution
		Debug|Any CPU = Debug|Any CPU
		Release|Any CPU = Release|Any CPU
	EndGlobalSection
	GlobalSection(ProjectConfigurationPlatforms) = postSolution
		{420489B8-8DD3-48DA-90DF-853544592BFF}.Debug|Any CPU.ActiveCfg = Debug|Any CPU
		{420489B8-8DD3-48DA-90DF-853544592BFF}.Debug|Any CPU.Build.0 = Debug|Any CPU
		{420489B8-8DD3-48DA-90DF-853544592BFF}.Release|Any CPU.ActiveCfg = Release|Any CPU
		{420489B8-8DD3-48DA-90DF-853544592BFF}.Release|Any CPU.Build.0 = Release|Any CPU
		{27336BFA-AE5C-42C5-9A27-F41F32D7475F}.Debug|Any CPU.ActiveCfg = Debug|Any CPU
		{27336BFA-AE5C-42C5-9A27-F41F32D7475F}.Debug|Any CPU.Build.0 = Debug|Any CPU
		{27336BFA-AE5C-42C5-9A27-F41F32D7475F}.Release|Any CPU.ActiveCfg = Release|Any CPU
		{27336BFA-AE5C-42C5-9A27-F41F32D7475F}.Release|Any CPU.Build.0 = Release|Any CPU
		{3D53FD6C-DD4F-40D3-9594-BDCBEB09C81D}.Debug|Any CPU.ActiveCfg = Debug|Any CPU
		{3D53FD6C-DD4F-40D3-9594-BDCBEB09C81D}.Debug|Any CPU.Build.0 = Debug|Any CPU
		{3D53FD6C-DD4F-40D3-9594-BDCBEB09C81D}.Release|Any CPU.ActiveCfg = Release|Any CPU
		{3D53FD6C-DD4F-40D3-9594-BDCBEB09C81D}.Release|Any CPU.Build.0 = Release|Any CPU
		{57DE9848-FE35-4240-B85D-F8DFFDDBB19C}.Debug|Any CPU.ActiveCfg = Debug|Any CPU
		{57DE9848-FE35-4240-B85D-F8DFFDDBB19C}.Debug|Any CPU.Build.0 = Debug|Any CPU
		{57DE9848-FE35-4240-B85D-F8DFFDDBB19C}.Release|Any CPU.ActiveCfg = Release|Any CPU
		{57DE9848-FE35-4240-B85D-F8DFFDDBB19C}.Release|Any CPU.Build.0 = Release|Any CPU
		{4A823DEC-A6F7-4EFC-BEAB-5C842C8BFCC0}.Debug|Any CPU.ActiveCfg = Debug|Any CPU
		{4A823DEC-A6F7-4EFC-BEAB-5C842C8BFCC0}.Debug|Any CPU.Build.0 = Debug|Any CPU
		{4A823DEC-A6F7-4EFC-BEAB-5C842C8BFCC0}.Release|Any CPU.ActiveCfg = Release|Any CPU
		{4A823DEC-A6F7-4EFC-BEAB-5C842C8BFCC0}.Release|Any CPU.Build.0 = Release|Any CPU
		{B97FA87B-7020-4655-96B0-B069E30762A7}.Debug|Any CPU.ActiveCfg = Debug|Any CPU
		{B97FA87B-7020-4655-96B0-B069E30762A7}.Debug|Any CPU.Build.0 = Debug|Any CPU
		{B97FA87B-7020-4655-96B0-B069E30762A7}.Release|Any CPU.ActiveCfg = Release|Any CPU
		{B97FA87B-7020-4655-96B0-B069E30762A7}.Release|Any CPU.Build.0 = Release|Any CPU
		{5C9CFFD2-AD56-4660-80C0-403A03F4B792}.Debug|Any CPU.ActiveCfg = Debug|Any CPU
		{5C9CFFD2-AD56-4660-80C0-403A03F4B792}.Debug|Any CPU.Build.0 = Debug|Any CPU
		{5C9CFFD2-AD56-4660-80C0-403A03F4B792}.Release|Any CPU.ActiveCfg = Release|Any CPU
		{5C9CFFD2-AD56-4660-80C0-403A03F4B792}.Release|Any CPU.Build.0 = Release|Any CPU
		{345546D2-201F-402C-B484-AFE16DF735B9}.Debug|Any CPU.ActiveCfg = Debug|Any CPU
		{345546D2-201F-402C-B484-AFE16DF735B9}.Debug|Any CPU.Build.0 = Debug|Any CPU
		{345546D2-201F-402C-B484-AFE16DF735B9}.Release|Any CPU.ActiveCfg = Release|Any CPU
		{345546D2-201F-402C-B484-AFE16DF735B9}.Release|Any CPU.Build.0 = Release|Any CPU
		{3ED2C62D-A249-4B25-AAF6-FD0770117348}.Debug|Any CPU.ActiveCfg = Debug|Any CPU
		{3ED2C62D-A249-4B25-AAF6-FD0770117348}.Debug|Any CPU.Build.0 = Debug|Any CPU
		{3ED2C62D-A249-4B25-AAF6-FD0770117348}.Release|Any CPU.ActiveCfg = Release|Any CPU
		{3ED2C62D-A249-4B25-AAF6-FD0770117348}.Release|Any CPU.Build.0 = Release|Any CPU
		{561C36C6-97FF-4B77-A012-CB47D068165C}.Debug|Any CPU.ActiveCfg = Debug|Any CPU
		{561C36C6-97FF-4B77-A012-CB47D068165C}.Debug|Any CPU.Build.0 = Debug|Any CPU
		{561C36C6-97FF-4B77-A012-CB47D068165C}.Release|Any CPU.ActiveCfg = Release|Any CPU
		{561C36C6-97FF-4B77-A012-CB47D068165C}.Release|Any CPU.Build.0 = Release|Any CPU
		{12A95FC7-44C3-4813-8B41-DC94A7E213D3}.Debug|Any CPU.ActiveCfg = Debug|Any CPU
		{12A95FC7-44C3-4813-8B41-DC94A7E213D3}.Debug|Any CPU.Build.0 = Debug|Any CPU
		{12A95FC7-44C3-4813-8B41-DC94A7E213D3}.Release|Any CPU.ActiveCfg = Release|Any CPU
		{12A95FC7-44C3-4813-8B41-DC94A7E213D3}.Release|Any CPU.Build.0 = Release|Any CPU
		{2891B837-2AB0-4482-A383-90163D4CE25B}.Debug|Any CPU.ActiveCfg = Debug|Any CPU
		{2891B837-2AB0-4482-A383-90163D4CE25B}.Debug|Any CPU.Build.0 = Debug|Any CPU
		{2891B837-2AB0-4482-A383-90163D4CE25B}.Release|Any CPU.ActiveCfg = Release|Any CPU
		{2891B837-2AB0-4482-A383-90163D4CE25B}.Release|Any CPU.Build.0 = Release|Any CPU
		{16F89439-FEB0-4C2E-9E6D-BB85460FB84A}.Debug|Any CPU.ActiveCfg = Debug|Any CPU
		{16F89439-FEB0-4C2E-9E6D-BB85460FB84A}.Debug|Any CPU.Build.0 = Debug|Any CPU
		{16F89439-FEB0-4C2E-9E6D-BB85460FB84A}.Release|Any CPU.ActiveCfg = Release|Any CPU
		{16F89439-FEB0-4C2E-9E6D-BB85460FB84A}.Release|Any CPU.Build.0 = Release|Any CPU
		{9C75D9C0-E7B3-4253-B331-C3A6F0ED28A3}.Debug|Any CPU.ActiveCfg = Debug|Any CPU
		{9C75D9C0-E7B3-4253-B331-C3A6F0ED28A3}.Debug|Any CPU.Build.0 = Debug|Any CPU
		{9C75D9C0-E7B3-4253-B331-C3A6F0ED28A3}.Release|Any CPU.ActiveCfg = Release|Any CPU
		{9C75D9C0-E7B3-4253-B331-C3A6F0ED28A3}.Release|Any CPU.Build.0 = Release|Any CPU
		{28105E9F-4632-4C6F-AA58-DCB03E9A7E4F}.Debug|Any CPU.ActiveCfg = Debug|Any CPU
		{28105E9F-4632-4C6F-AA58-DCB03E9A7E4F}.Debug|Any CPU.Build.0 = Debug|Any CPU
		{28105E9F-4632-4C6F-AA58-DCB03E9A7E4F}.Release|Any CPU.ActiveCfg = Release|Any CPU
		{28105E9F-4632-4C6F-AA58-DCB03E9A7E4F}.Release|Any CPU.Build.0 = Release|Any CPU
		{63ADE3DA-C885-4B8C-BFAE-F963B40D4D66}.Debug|Any CPU.ActiveCfg = Debug|Any CPU
		{63ADE3DA-C885-4B8C-BFAE-F963B40D4D66}.Debug|Any CPU.Build.0 = Debug|Any CPU
		{63ADE3DA-C885-4B8C-BFAE-F963B40D4D66}.Release|Any CPU.ActiveCfg = Release|Any CPU
		{63ADE3DA-C885-4B8C-BFAE-F963B40D4D66}.Release|Any CPU.Build.0 = Release|Any CPU
		{D4DDFE70-9036-41AA-A509-6E994FBB5F21}.Debug|Any CPU.ActiveCfg = Debug|Any CPU
		{D4DDFE70-9036-41AA-A509-6E994FBB5F21}.Debug|Any CPU.Build.0 = Debug|Any CPU
		{D4DDFE70-9036-41AA-A509-6E994FBB5F21}.Release|Any CPU.ActiveCfg = Release|Any CPU
		{D4DDFE70-9036-41AA-A509-6E994FBB5F21}.Release|Any CPU.Build.0 = Release|Any CPU
		{BF3ACF89-14B1-44EB-91EB-918AAAFADE4D}.Debug|Any CPU.ActiveCfg = Debug|Any CPU
		{BF3ACF89-14B1-44EB-91EB-918AAAFADE4D}.Debug|Any CPU.Build.0 = Debug|Any CPU
		{BF3ACF89-14B1-44EB-91EB-918AAAFADE4D}.Release|Any CPU.ActiveCfg = Release|Any CPU
		{BF3ACF89-14B1-44EB-91EB-918AAAFADE4D}.Release|Any CPU.Build.0 = Release|Any CPU
		{69F58E6C-0F17-42BD-9639-82B4FD0CDBE9}.Debug|Any CPU.ActiveCfg = Debug|Any CPU
		{69F58E6C-0F17-42BD-9639-82B4FD0CDBE9}.Debug|Any CPU.Build.0 = Debug|Any CPU
		{69F58E6C-0F17-42BD-9639-82B4FD0CDBE9}.Release|Any CPU.ActiveCfg = Release|Any CPU
		{69F58E6C-0F17-42BD-9639-82B4FD0CDBE9}.Release|Any CPU.Build.0 = Release|Any CPU
		{610D6E8B-D9F7-4F7C-9ED7-B1A6A93DB0DF}.Debug|Any CPU.ActiveCfg = Debug|Any CPU
		{610D6E8B-D9F7-4F7C-9ED7-B1A6A93DB0DF}.Debug|Any CPU.Build.0 = Debug|Any CPU
		{610D6E8B-D9F7-4F7C-9ED7-B1A6A93DB0DF}.Release|Any CPU.ActiveCfg = Release|Any CPU
		{610D6E8B-D9F7-4F7C-9ED7-B1A6A93DB0DF}.Release|Any CPU.Build.0 = Release|Any CPU
		{CAFB9142-F7D7-4E52-971A-E87ED05D97C2}.Debug|Any CPU.ActiveCfg = Debug|Any CPU
		{CAFB9142-F7D7-4E52-971A-E87ED05D97C2}.Debug|Any CPU.Build.0 = Debug|Any CPU
		{CAFB9142-F7D7-4E52-971A-E87ED05D97C2}.Release|Any CPU.ActiveCfg = Release|Any CPU
		{CAFB9142-F7D7-4E52-971A-E87ED05D97C2}.Release|Any CPU.Build.0 = Release|Any CPU
		{ECDF1D90-7440-4593-9EDF-EF6164FC7F86}.Debug|Any CPU.ActiveCfg = Debug|Any CPU
		{ECDF1D90-7440-4593-9EDF-EF6164FC7F86}.Debug|Any CPU.Build.0 = Debug|Any CPU
		{ECDF1D90-7440-4593-9EDF-EF6164FC7F86}.Release|Any CPU.ActiveCfg = Release|Any CPU
		{ECDF1D90-7440-4593-9EDF-EF6164FC7F86}.Release|Any CPU.Build.0 = Release|Any CPU
		{39E037D3-4CD6-42CA-A3A1-57B100F04632}.Debug|Any CPU.ActiveCfg = Debug|Any CPU
		{39E037D3-4CD6-42CA-A3A1-57B100F04632}.Debug|Any CPU.Build.0 = Debug|Any CPU
		{39E037D3-4CD6-42CA-A3A1-57B100F04632}.Release|Any CPU.ActiveCfg = Release|Any CPU
		{39E037D3-4CD6-42CA-A3A1-57B100F04632}.Release|Any CPU.Build.0 = Release|Any CPU
		{4E4BAB28-E53B-4CA9-812E-7EEC958889CB}.Debug|Any CPU.ActiveCfg = Debug|Any CPU
		{4E4BAB28-E53B-4CA9-812E-7EEC958889CB}.Debug|Any CPU.Build.0 = Debug|Any CPU
		{4E4BAB28-E53B-4CA9-812E-7EEC958889CB}.Release|Any CPU.ActiveCfg = Release|Any CPU
		{4E4BAB28-E53B-4CA9-812E-7EEC958889CB}.Release|Any CPU.Build.0 = Release|Any CPU
		{8E9F9FBF-EF46-43F0-B6B2-D7495279556A}.Debug|Any CPU.ActiveCfg = Debug|Any CPU
		{8E9F9FBF-EF46-43F0-B6B2-D7495279556A}.Debug|Any CPU.Build.0 = Debug|Any CPU
		{8E9F9FBF-EF46-43F0-B6B2-D7495279556A}.Release|Any CPU.ActiveCfg = Release|Any CPU
		{8E9F9FBF-EF46-43F0-B6B2-D7495279556A}.Release|Any CPU.Build.0 = Release|Any CPU
		{11C50618-29DF-4644-9BE6-AE80D57CF365}.Debug|Any CPU.ActiveCfg = Debug|Any CPU
		{11C50618-29DF-4644-9BE6-AE80D57CF365}.Debug|Any CPU.Build.0 = Debug|Any CPU
		{11C50618-29DF-4644-9BE6-AE80D57CF365}.Release|Any CPU.ActiveCfg = Release|Any CPU
		{11C50618-29DF-4644-9BE6-AE80D57CF365}.Release|Any CPU.Build.0 = Release|Any CPU
		{C6485453-33F6-45ED-A6D8-45749798481D}.Debug|Any CPU.ActiveCfg = Debug|Any CPU
		{C6485453-33F6-45ED-A6D8-45749798481D}.Debug|Any CPU.Build.0 = Debug|Any CPU
		{C6485453-33F6-45ED-A6D8-45749798481D}.Release|Any CPU.ActiveCfg = Release|Any CPU
		{C6485453-33F6-45ED-A6D8-45749798481D}.Release|Any CPU.Build.0 = Release|Any CPU
		{12CEEEF9-EF8C-40B7-B942-8E1435AD6CA0}.Debug|Any CPU.ActiveCfg = Debug|Any CPU
		{12CEEEF9-EF8C-40B7-B942-8E1435AD6CA0}.Debug|Any CPU.Build.0 = Debug|Any CPU
		{12CEEEF9-EF8C-40B7-B942-8E1435AD6CA0}.Release|Any CPU.ActiveCfg = Release|Any CPU
		{12CEEEF9-EF8C-40B7-B942-8E1435AD6CA0}.Release|Any CPU.Build.0 = Release|Any CPU
		{89A2402D-4491-4CBE-B4AF-694895F8829B}.Debug|Any CPU.ActiveCfg = Debug|Any CPU
		{89A2402D-4491-4CBE-B4AF-694895F8829B}.Debug|Any CPU.Build.0 = Debug|Any CPU
		{89A2402D-4491-4CBE-B4AF-694895F8829B}.Release|Any CPU.ActiveCfg = Release|Any CPU
		{89A2402D-4491-4CBE-B4AF-694895F8829B}.Release|Any CPU.Build.0 = Release|Any CPU
		{485412BA-3480-47B5-9B2A-74A4A278522E}.Debug|Any CPU.ActiveCfg = Debug|Any CPU
		{485412BA-3480-47B5-9B2A-74A4A278522E}.Debug|Any CPU.Build.0 = Debug|Any CPU
		{485412BA-3480-47B5-9B2A-74A4A278522E}.Release|Any CPU.ActiveCfg = Release|Any CPU
		{485412BA-3480-47B5-9B2A-74A4A278522E}.Release|Any CPU.Build.0 = Release|Any CPU
		{1AA240DD-B6BD-476F-B885-8B7EA54C073D}.Debug|Any CPU.ActiveCfg = Debug|Any CPU
		{1AA240DD-B6BD-476F-B885-8B7EA54C073D}.Debug|Any CPU.Build.0 = Debug|Any CPU
		{1AA240DD-B6BD-476F-B885-8B7EA54C073D}.Release|Any CPU.ActiveCfg = Release|Any CPU
		{1AA240DD-B6BD-476F-B885-8B7EA54C073D}.Release|Any CPU.Build.0 = Release|Any CPU
		{1C1D4A4D-EDF9-45EE-AB82-25296A65A87A}.Debug|Any CPU.ActiveCfg = Debug|Any CPU
		{1C1D4A4D-EDF9-45EE-AB82-25296A65A87A}.Debug|Any CPU.Build.0 = Debug|Any CPU
		{1C1D4A4D-EDF9-45EE-AB82-25296A65A87A}.Release|Any CPU.ActiveCfg = Release|Any CPU
		{1C1D4A4D-EDF9-45EE-AB82-25296A65A87A}.Release|Any CPU.Build.0 = Release|Any CPU
		{F192DAE6-22A3-47F1-B310-AC20AA7F56B5}.Debug|Any CPU.ActiveCfg = Debug|Any CPU
		{F192DAE6-22A3-47F1-B310-AC20AA7F56B5}.Debug|Any CPU.Build.0 = Debug|Any CPU
		{F192DAE6-22A3-47F1-B310-AC20AA7F56B5}.Release|Any CPU.ActiveCfg = Release|Any CPU
		{F192DAE6-22A3-47F1-B310-AC20AA7F56B5}.Release|Any CPU.Build.0 = Release|Any CPU
		{78BC0E1B-06DB-4316-90DC-D126C9442862}.Debug|Any CPU.ActiveCfg = Debug|Any CPU
		{78BC0E1B-06DB-4316-90DC-D126C9442862}.Debug|Any CPU.Build.0 = Debug|Any CPU
		{78BC0E1B-06DB-4316-90DC-D126C9442862}.Release|Any CPU.ActiveCfg = Release|Any CPU
		{78BC0E1B-06DB-4316-90DC-D126C9442862}.Release|Any CPU.Build.0 = Release|Any CPU
		{83722F7E-D20F-4E4B-B965-A3CF8CF0986E}.Debug|Any CPU.ActiveCfg = Debug|Any CPU
		{83722F7E-D20F-4E4B-B965-A3CF8CF0986E}.Debug|Any CPU.Build.0 = Debug|Any CPU
		{83722F7E-D20F-4E4B-B965-A3CF8CF0986E}.Release|Any CPU.ActiveCfg = Release|Any CPU
		{83722F7E-D20F-4E4B-B965-A3CF8CF0986E}.Release|Any CPU.Build.0 = Release|Any CPU
		{DD0B4EB9-E6EC-4DCB-A471-97D996F978A0}.Debug|Any CPU.ActiveCfg = Debug|Any CPU
		{DD0B4EB9-E6EC-4DCB-A471-97D996F978A0}.Debug|Any CPU.Build.0 = Debug|Any CPU
		{DD0B4EB9-E6EC-4DCB-A471-97D996F978A0}.Release|Any CPU.ActiveCfg = Release|Any CPU
		{DD0B4EB9-E6EC-4DCB-A471-97D996F978A0}.Release|Any CPU.Build.0 = Release|Any CPU
		{2E5E69D7-03B4-45A9-946F-097949C1642F}.Debug|Any CPU.ActiveCfg = Debug|Any CPU
		{2E5E69D7-03B4-45A9-946F-097949C1642F}.Debug|Any CPU.Build.0 = Debug|Any CPU
		{2E5E69D7-03B4-45A9-946F-097949C1642F}.Release|Any CPU.ActiveCfg = Release|Any CPU
		{2E5E69D7-03B4-45A9-946F-097949C1642F}.Release|Any CPU.Build.0 = Release|Any CPU
		{667D51F6-96DF-4E66-834F-E03FA86C7836}.Debug|Any CPU.ActiveCfg = Debug|Any CPU
		{667D51F6-96DF-4E66-834F-E03FA86C7836}.Debug|Any CPU.Build.0 = Debug|Any CPU
		{667D51F6-96DF-4E66-834F-E03FA86C7836}.Release|Any CPU.ActiveCfg = Release|Any CPU
		{667D51F6-96DF-4E66-834F-E03FA86C7836}.Release|Any CPU.Build.0 = Release|Any CPU
		{692A462D-72AB-4BCC-BB3F-E6C6BD3AC6BC}.Debug|Any CPU.ActiveCfg = Debug|Any CPU
		{692A462D-72AB-4BCC-BB3F-E6C6BD3AC6BC}.Debug|Any CPU.Build.0 = Debug|Any CPU
		{692A462D-72AB-4BCC-BB3F-E6C6BD3AC6BC}.Release|Any CPU.ActiveCfg = Release|Any CPU
		{692A462D-72AB-4BCC-BB3F-E6C6BD3AC6BC}.Release|Any CPU.Build.0 = Release|Any CPU
		{A8E22F17-282D-4C25-A0F3-7115B9806E12}.Debug|Any CPU.ActiveCfg = Debug|Any CPU
		{A8E22F17-282D-4C25-A0F3-7115B9806E12}.Debug|Any CPU.Build.0 = Debug|Any CPU
		{A8E22F17-282D-4C25-A0F3-7115B9806E12}.Release|Any CPU.ActiveCfg = Release|Any CPU
		{A8E22F17-282D-4C25-A0F3-7115B9806E12}.Release|Any CPU.Build.0 = Release|Any CPU
		{C749B87E-3ACE-46D5-95AD-A6F28B33EC2D}.Debug|Any CPU.ActiveCfg = Debug|Any CPU
		{C749B87E-3ACE-46D5-95AD-A6F28B33EC2D}.Debug|Any CPU.Build.0 = Debug|Any CPU
		{C749B87E-3ACE-46D5-95AD-A6F28B33EC2D}.Release|Any CPU.ActiveCfg = Release|Any CPU
		{C749B87E-3ACE-46D5-95AD-A6F28B33EC2D}.Release|Any CPU.Build.0 = Release|Any CPU
		{57EC95DA-B1A4-4BBB-8EAA-21C9200536FA}.Debug|Any CPU.ActiveCfg = Debug|Any CPU
		{57EC95DA-B1A4-4BBB-8EAA-21C9200536FA}.Debug|Any CPU.Build.0 = Debug|Any CPU
		{57EC95DA-B1A4-4BBB-8EAA-21C9200536FA}.Release|Any CPU.ActiveCfg = Release|Any CPU
		{57EC95DA-B1A4-4BBB-8EAA-21C9200536FA}.Release|Any CPU.Build.0 = Release|Any CPU
		{5F2D5E54-BDA2-4CE5-8539-4DAA19923C5B}.Debug|Any CPU.ActiveCfg = Debug|Any CPU
		{5F2D5E54-BDA2-4CE5-8539-4DAA19923C5B}.Debug|Any CPU.Build.0 = Debug|Any CPU
		{5F2D5E54-BDA2-4CE5-8539-4DAA19923C5B}.Release|Any CPU.ActiveCfg = Release|Any CPU
		{5F2D5E54-BDA2-4CE5-8539-4DAA19923C5B}.Release|Any CPU.Build.0 = Release|Any CPU
	EndGlobalSection
	GlobalSection(SolutionProperties) = preSolution
		HideSolutionNode = FALSE
	EndGlobalSection
EndGlobal
