
Microsoft Visual Studio Solution File, Format Version 12.00
# Visual Studio 14
VisualStudioVersion = 14.0.25420.1
MinimumVisualStudioVersion = 10.0.40219.1
Project("{FAE04EC0-301F-11D3-BF4B-00C04F79EFBC}") = "BlankReceipt", "BlankReceipt\BlankReceipt.csproj", "{E1A1DCCB-F180-4A5E-89A4-2A29FD178B81}"
EndProject
Project("{FAE04EC0-301F-11D3-BF4B-00C04F79EFBC}") = "SignOfIntegerNumber", "SignOfIntege Number\SignOfIntegerNumber.csproj", "{4C1C52B0-0586-4176-93A9-4ECC55CC633D}"
EndProject
Project("{FAE04EC0-301F-11D3-BF4B-00C04F79EFBC}") = "PrintingTriangle", "PrintingTriangle\PrintingTriangle.csproj", "{651E3E58-D601-470F-8B6E-8802D3ABE1E6}"
EndProject
Project("{FAE04EC0-301F-11D3-BF4B-00C04F79EFBC}") = "DrawAFilledSquare", "DrawAFilledSquare\DrawAFilledSquare.csproj", "{C21215CB-EFA5-4A2A-BB43-1F63D097BA3F}"
EndProject
Project("{FAE04EC0-301F-11D3-BF4B-00C04F79EFBC}") = "CalculateTriangleArea", "CalculateTriangleArea\CalculateTriangleArea.csproj", "{77B8CAF9-4174-4317-BE88-C65728DE0A17}"
EndProject
Project("{FAE04EC0-301F-11D3-BF4B-00C04F79EFBC}") = "MathPower", "MathPower\MathPower.csproj", "{B0247172-BF53-4FAF-811E-548BC93D7C0E}"
EndProject
Project("{FAE04EC0-301F-11D3-BF4B-00C04F79EFBC}") = "GreaterOfTwoValues", "GreaterOfTwoValues\GreaterOfTwoValues.csproj", "{822859C7-8953-4504-9D69-D05574EA5D85}"
EndProject
Global
	GlobalSection(SolutionConfigurationPlatforms) = preSolution
		Debug|Any CPU = Debug|Any CPU
		Release|Any CPU = Release|Any CPU
	EndGlobalSection
	GlobalSection(ProjectConfigurationPlatforms) = postSolution
		{E1A1DCCB-F180-4A5E-89A4-2A29FD178B81}.Debug|Any CPU.ActiveCfg = Debug|Any CPU
		{E1A1DCCB-F180-4A5E-89A4-2A29FD178B81}.Debug|Any CPU.Build.0 = Debug|Any CPU
		{E1A1DCCB-F180-4A5E-89A4-2A29FD178B81}.Release|Any CPU.ActiveCfg = Release|Any CPU
		{E1A1DCCB-F180-4A5E-89A4-2A29FD178B81}.Release|Any CPU.Build.0 = Release|Any CPU
		{4C1C52B0-0586-4176-93A9-4ECC55CC633D}.Debug|Any CPU.ActiveCfg = Debug|Any CPU
		{4C1C52B0-0586-4176-93A9-4ECC55CC633D}.Debug|Any CPU.Build.0 = Debug|Any CPU
		{4C1C52B0-0586-4176-93A9-4ECC55CC633D}.Release|Any CPU.ActiveCfg = Release|Any CPU
		{4C1C52B0-0586-4176-93A9-4ECC55CC633D}.Release|Any CPU.Build.0 = Release|Any CPU
		{651E3E58-D601-470F-8B6E-8802D3ABE1E6}.Debug|Any CPU.ActiveCfg = Debug|Any CPU
		{651E3E58-D601-470F-8B6E-8802D3ABE1E6}.Debug|Any CPU.Build.0 = Debug|Any CPU
		{651E3E58-D601-470F-8B6E-8802D3ABE1E6}.Release|Any CPU.ActiveCfg = Release|Any CPU
		{651E3E58-D601-470F-8B6E-8802D3ABE1E6}.Release|Any CPU.Build.0 = Release|Any CPU
		{C21215CB-EFA5-4A2A-BB43-1F63D097BA3F}.Debug|Any CPU.ActiveCfg = Debug|Any CPU
		{C21215CB-EFA5-4A2A-BB43-1F63D097BA3F}.Debug|Any CPU.Build.0 = Debug|Any CPU
		{C21215CB-EFA5-4A2A-BB43-1F63D097BA3F}.Release|Any CPU.ActiveCfg = Release|Any CPU
		{C21215CB-EFA5-4A2A-BB43-1F63D097BA3F}.Release|Any CPU.Build.0 = Release|Any CPU
		{77B8CAF9-4174-4317-BE88-C65728DE0A17}.Debug|Any CPU.ActiveCfg = Debug|Any CPU
		{77B8CAF9-4174-4317-BE88-C65728DE0A17}.Debug|Any CPU.Build.0 = Debug|Any CPU
		{77B8CAF9-4174-4317-BE88-C65728DE0A17}.Release|Any CPU.ActiveCfg = Release|Any CPU
		{77B8CAF9-4174-4317-BE88-C65728DE0A17}.Release|Any CPU.Build.0 = Release|Any CPU
		{B0247172-BF53-4FAF-811E-548BC93D7C0E}.Debug|Any CPU.ActiveCfg = Debug|Any CPU
		{B0247172-BF53-4FAF-811E-548BC93D7C0E}.Debug|Any CPU.Build.0 = Debug|Any CPU
		{B0247172-BF53-4FAF-811E-548BC93D7C0E}.Release|Any CPU.ActiveCfg = Release|Any CPU
		{B0247172-BF53-4FAF-811E-548BC93D7C0E}.Release|Any CPU.Build.0 = Release|Any CPU
		{822859C7-8953-4504-9D69-D05574EA5D85}.Debug|Any CPU.ActiveCfg = Debug|Any CPU
		{822859C7-8953-4504-9D69-D05574EA5D85}.Debug|Any CPU.Build.0 = Debug|Any CPU
		{822859C7-8953-4504-9D69-D05574EA5D85}.Release|Any CPU.ActiveCfg = Release|Any CPU
		{822859C7-8953-4504-9D69-D05574EA5D85}.Release|Any CPU.Build.0 = Release|Any CPU
	EndGlobalSection
	GlobalSection(SolutionProperties) = preSolution
		HideSolutionNode = FALSE
	EndGlobalSection
EndGlobal
