
Microsoft Visual Studio Solution File, Format Version 12.00
# Visual Studio 14
VisualStudioVersion = 14.0.25420.1
MinimumVisualStudioVersion = 10.0.40219.1
Project("{FAE04EC0-301F-11D3-BF4B-00C04F79EFBC}") = "PracticeIntegerNumbers", "PracticeIntegerNumbers\PracticeIntegerNumbers.csproj", "{A9A7A5C1-8E80-4F89-9E08-B689583DACF1}"
EndProject
Project("{FAE04EC0-301F-11D3-BF4B-00C04F79EFBC}") = "PracticeFloatingPointNumbers", "PracticeFloatingPointNumbers\PracticeFloatingPointNumbers.csproj", "{DDA60DEC-D0F7-4C91-AA3E-3E0934371186}"
EndProject
Project("{FAE04EC0-301F-11D3-BF4B-00C04F79EFBC}") = "ExchangeVariableValues", "ExchangeVariableValues\ExchangeVariableValues.csproj", "{4B2839B9-A1F5-45E3-A857-02D213F6AE79}"
EndProject
Project("{FAE04EC0-301F-11D3-BF4B-00C04F79EFBC}") = "FloatOrInteger", "FloatOrInteger\FloatOrInteger.csproj", "{3A835633-F793-48C5-BB61-11D1E97E30DF}"
EndProject
Project("{FAE04EC0-301F-11D3-BF4B-00C04F79EFBC}") = "DistanceOfTheStars", "DistanceOfTheStars\DistanceOfTheStars.csproj", "{DB4F0717-5839-472B-BAC9-17FA2EE898DB}"
EndProject
Project("{FAE04EC0-301F-11D3-BF4B-00C04F79EFBC}") = "IncrementVariable", "IncrementVariable\IncrementVariable.csproj", "{958D2DB3-929E-47EF-8A84-FAA678D5E763}"
EndProject
Project("{FAE04EC0-301F-11D3-BF4B-00C04F79EFBC}") = "FromTerabytesToBits", "FromTerabytesToBits\FromTerabytesToBits.csproj", "{017E33F0-2459-4034-A4AE-36DDA4F9AD2F}"
EndProject
Project("{FAE04EC0-301F-11D3-BF4B-00C04F79EFBC}") = "TravelingAtLightSpeed", "TravelingAtLightSpeed\TravelingAtLightSpeed.csproj", "{4926BDA0-22B3-4C09-A01A-64319865FA06}"
EndProject
Project("{FAE04EC0-301F-11D3-BF4B-00C04F79EFBC}") = "TriangleFormations", "TriangleFormations\TriangleFormations.csproj", "{21D27305-565A-4BB5-88C7-79269D9E5C2C}"
EndProject
Project("{FAE04EC0-301F-11D3-BF4B-00C04F79EFBC}") = "DataOverflow", "DataOverflow\DataOverflow.csproj", "{22AF4ABF-71F7-4791-B957-BAA22412713B}"
EndProject
Project("{FAE04EC0-301F-11D3-BF4B-00C04F79EFBC}") = "PracticeCharactersAndStrings", "PracticeCharactersAndStrings\PracticeCharactersAndStrings.csproj", "{8386BDA1-2C8C-40AF-9AE9-3A50401C461B}"
EndProject
Project("{FAE04EC0-301F-11D3-BF4B-00C04F79EFBC}") = "VariableInHexadecimalFormat", "VariableInHexadecimalFormat\VariableInHexadecimalFormat.csproj", "{FD3AD9FD-2C7D-4789-8FED-50A37BE1B548}"
EndProject
Project("{FAE04EC0-301F-11D3-BF4B-00C04F79EFBC}") = "DigitsWithWords", "DigitsWithWords\DigitsWithWords.csproj", "{C9318A66-760D-4848-9370-F687345BC58B}"
EndProject
Project("{FAE04EC0-301F-11D3-BF4B-00C04F79EFBC}") = "ASCIIString", "ASCIIString\ASCIIString.csproj", "{6447F4E6-7442-4F53-A91A-5BEDBD58BE66}"
EndProject
Project("{FAE04EC0-301F-11D3-BF4B-00C04F79EFBC}") = "Calculator", "Calculator\Calculator.csproj", "{609F0E37-7E35-4FCD-A176-AD498F2A5A01}"
EndProject
Project("{FAE04EC0-301F-11D3-BF4B-00C04F79EFBC}") = "TrickyStrings", "TrickyStrings\TrickyStrings.csproj", "{A640515E-6960-404F-BE35-C4EB839A2112}"
EndProject
Project("{FAE04EC0-301F-11D3-BF4B-00C04F79EFBC}") = "CypherRoulette", "CypherRoulette\CypherRoulette.csproj", "{F6B2700A-4575-4068-B436-2ABA6450D61E}"
EndProject
Project("{FAE04EC0-301F-11D3-BF4B-00C04F79EFBC}") = "BooleanVariable", "BooleanVariable\BooleanVariable.csproj", "{81C74657-5300-4637-9205-0B860398AA92}"
EndProject
Project("{FAE04EC0-301F-11D3-BF4B-00C04F79EFBC}") = "StringsAndObjects", "StringsAndObjects\StringsAndObjects.csproj", "{0B69EA3F-AA5B-47FE-8133-C0470173041F}"
EndProject
Project("{FAE04EC0-301F-11D3-BF4B-00C04F79EFBC}") = "EmployeeData", "EmployeeData\EmployeeData.csproj", "{1F131BC1-C064-4653-8B2E-CF4C832D3F0B}"
EndProject
Project("{FAE04EC0-301F-11D3-BF4B-00C04F79EFBC}") = "ReverseCharacters", "ReverseCharacters\ReverseCharacters.csproj", "{6D88A3DD-2FC8-4897-83D7-C8FD7EA1E8F0}"
EndProject
Project("{FAE04EC0-301F-11D3-BF4B-00C04F79EFBC}") = "CenturiesToNanoseconds", "CenturiesToNanoseconds\CenturiesToNanoseconds.csproj", "{90D41412-6CA7-4457-9159-8922DC0A40B2}"
EndProject
Project("{FAE04EC0-301F-11D3-BF4B-00C04F79EFBC}") = "ConvertSpeedUnits", "ConvertSpeedUnits\ConvertSpeedUnits.csproj", "{CE365754-DA9E-4641-BDA2-443F1CF8CFE3}"
EndProject
Global
	GlobalSection(SolutionConfigurationPlatforms) = preSolution
		Debug|Any CPU = Debug|Any CPU
		Release|Any CPU = Release|Any CPU
	EndGlobalSection
	GlobalSection(ProjectConfigurationPlatforms) = postSolution
		{A9A7A5C1-8E80-4F89-9E08-B689583DACF1}.Debug|Any CPU.ActiveCfg = Debug|Any CPU
		{A9A7A5C1-8E80-4F89-9E08-B689583DACF1}.Debug|Any CPU.Build.0 = Debug|Any CPU
		{A9A7A5C1-8E80-4F89-9E08-B689583DACF1}.Release|Any CPU.ActiveCfg = Release|Any CPU
		{A9A7A5C1-8E80-4F89-9E08-B689583DACF1}.Release|Any CPU.Build.0 = Release|Any CPU
		{DDA60DEC-D0F7-4C91-AA3E-3E0934371186}.Debug|Any CPU.ActiveCfg = Debug|Any CPU
		{DDA60DEC-D0F7-4C91-AA3E-3E0934371186}.Debug|Any CPU.Build.0 = Debug|Any CPU
		{DDA60DEC-D0F7-4C91-AA3E-3E0934371186}.Release|Any CPU.ActiveCfg = Release|Any CPU
		{DDA60DEC-D0F7-4C91-AA3E-3E0934371186}.Release|Any CPU.Build.0 = Release|Any CPU
		{4B2839B9-A1F5-45E3-A857-02D213F6AE79}.Debug|Any CPU.ActiveCfg = Debug|Any CPU
		{4B2839B9-A1F5-45E3-A857-02D213F6AE79}.Debug|Any CPU.Build.0 = Debug|Any CPU
		{4B2839B9-A1F5-45E3-A857-02D213F6AE79}.Release|Any CPU.ActiveCfg = Release|Any CPU
		{4B2839B9-A1F5-45E3-A857-02D213F6AE79}.Release|Any CPU.Build.0 = Release|Any CPU
		{3A835633-F793-48C5-BB61-11D1E97E30DF}.Debug|Any CPU.ActiveCfg = Debug|Any CPU
		{3A835633-F793-48C5-BB61-11D1E97E30DF}.Debug|Any CPU.Build.0 = Debug|Any CPU
		{3A835633-F793-48C5-BB61-11D1E97E30DF}.Release|Any CPU.ActiveCfg = Release|Any CPU
		{3A835633-F793-48C5-BB61-11D1E97E30DF}.Release|Any CPU.Build.0 = Release|Any CPU
		{DB4F0717-5839-472B-BAC9-17FA2EE898DB}.Debug|Any CPU.ActiveCfg = Debug|Any CPU
		{DB4F0717-5839-472B-BAC9-17FA2EE898DB}.Debug|Any CPU.Build.0 = Debug|Any CPU
		{DB4F0717-5839-472B-BAC9-17FA2EE898DB}.Release|Any CPU.ActiveCfg = Release|Any CPU
		{DB4F0717-5839-472B-BAC9-17FA2EE898DB}.Release|Any CPU.Build.0 = Release|Any CPU
		{958D2DB3-929E-47EF-8A84-FAA678D5E763}.Debug|Any CPU.ActiveCfg = Debug|Any CPU
		{958D2DB3-929E-47EF-8A84-FAA678D5E763}.Debug|Any CPU.Build.0 = Debug|Any CPU
		{958D2DB3-929E-47EF-8A84-FAA678D5E763}.Release|Any CPU.ActiveCfg = Release|Any CPU
		{958D2DB3-929E-47EF-8A84-FAA678D5E763}.Release|Any CPU.Build.0 = Release|Any CPU
		{017E33F0-2459-4034-A4AE-36DDA4F9AD2F}.Debug|Any CPU.ActiveCfg = Debug|Any CPU
		{017E33F0-2459-4034-A4AE-36DDA4F9AD2F}.Debug|Any CPU.Build.0 = Debug|Any CPU
		{017E33F0-2459-4034-A4AE-36DDA4F9AD2F}.Release|Any CPU.ActiveCfg = Release|Any CPU
		{017E33F0-2459-4034-A4AE-36DDA4F9AD2F}.Release|Any CPU.Build.0 = Release|Any CPU
		{4926BDA0-22B3-4C09-A01A-64319865FA06}.Debug|Any CPU.ActiveCfg = Debug|Any CPU
		{4926BDA0-22B3-4C09-A01A-64319865FA06}.Debug|Any CPU.Build.0 = Debug|Any CPU
		{4926BDA0-22B3-4C09-A01A-64319865FA06}.Release|Any CPU.ActiveCfg = Release|Any CPU
		{4926BDA0-22B3-4C09-A01A-64319865FA06}.Release|Any CPU.Build.0 = Release|Any CPU
		{21D27305-565A-4BB5-88C7-79269D9E5C2C}.Debug|Any CPU.ActiveCfg = Debug|Any CPU
		{21D27305-565A-4BB5-88C7-79269D9E5C2C}.Debug|Any CPU.Build.0 = Debug|Any CPU
		{21D27305-565A-4BB5-88C7-79269D9E5C2C}.Release|Any CPU.ActiveCfg = Release|Any CPU
		{21D27305-565A-4BB5-88C7-79269D9E5C2C}.Release|Any CPU.Build.0 = Release|Any CPU
		{22AF4ABF-71F7-4791-B957-BAA22412713B}.Debug|Any CPU.ActiveCfg = Debug|Any CPU
		{22AF4ABF-71F7-4791-B957-BAA22412713B}.Debug|Any CPU.Build.0 = Debug|Any CPU
		{22AF4ABF-71F7-4791-B957-BAA22412713B}.Release|Any CPU.ActiveCfg = Release|Any CPU
		{22AF4ABF-71F7-4791-B957-BAA22412713B}.Release|Any CPU.Build.0 = Release|Any CPU
		{8386BDA1-2C8C-40AF-9AE9-3A50401C461B}.Debug|Any CPU.ActiveCfg = Debug|Any CPU
		{8386BDA1-2C8C-40AF-9AE9-3A50401C461B}.Debug|Any CPU.Build.0 = Debug|Any CPU
		{8386BDA1-2C8C-40AF-9AE9-3A50401C461B}.Release|Any CPU.ActiveCfg = Release|Any CPU
		{8386BDA1-2C8C-40AF-9AE9-3A50401C461B}.Release|Any CPU.Build.0 = Release|Any CPU
		{FD3AD9FD-2C7D-4789-8FED-50A37BE1B548}.Debug|Any CPU.ActiveCfg = Debug|Any CPU
		{FD3AD9FD-2C7D-4789-8FED-50A37BE1B548}.Debug|Any CPU.Build.0 = Debug|Any CPU
		{FD3AD9FD-2C7D-4789-8FED-50A37BE1B548}.Release|Any CPU.ActiveCfg = Release|Any CPU
		{FD3AD9FD-2C7D-4789-8FED-50A37BE1B548}.Release|Any CPU.Build.0 = Release|Any CPU
		{C9318A66-760D-4848-9370-F687345BC58B}.Debug|Any CPU.ActiveCfg = Debug|Any CPU
		{C9318A66-760D-4848-9370-F687345BC58B}.Debug|Any CPU.Build.0 = Debug|Any CPU
		{C9318A66-760D-4848-9370-F687345BC58B}.Release|Any CPU.ActiveCfg = Release|Any CPU
		{C9318A66-760D-4848-9370-F687345BC58B}.Release|Any CPU.Build.0 = Release|Any CPU
		{6447F4E6-7442-4F53-A91A-5BEDBD58BE66}.Debug|Any CPU.ActiveCfg = Debug|Any CPU
		{6447F4E6-7442-4F53-A91A-5BEDBD58BE66}.Debug|Any CPU.Build.0 = Debug|Any CPU
		{6447F4E6-7442-4F53-A91A-5BEDBD58BE66}.Release|Any CPU.ActiveCfg = Release|Any CPU
		{6447F4E6-7442-4F53-A91A-5BEDBD58BE66}.Release|Any CPU.Build.0 = Release|Any CPU
		{609F0E37-7E35-4FCD-A176-AD498F2A5A01}.Debug|Any CPU.ActiveCfg = Debug|Any CPU
		{609F0E37-7E35-4FCD-A176-AD498F2A5A01}.Debug|Any CPU.Build.0 = Debug|Any CPU
		{609F0E37-7E35-4FCD-A176-AD498F2A5A01}.Release|Any CPU.ActiveCfg = Release|Any CPU
		{609F0E37-7E35-4FCD-A176-AD498F2A5A01}.Release|Any CPU.Build.0 = Release|Any CPU
		{A640515E-6960-404F-BE35-C4EB839A2112}.Debug|Any CPU.ActiveCfg = Debug|Any CPU
		{A640515E-6960-404F-BE35-C4EB839A2112}.Debug|Any CPU.Build.0 = Debug|Any CPU
		{A640515E-6960-404F-BE35-C4EB839A2112}.Release|Any CPU.ActiveCfg = Release|Any CPU
		{A640515E-6960-404F-BE35-C4EB839A2112}.Release|Any CPU.Build.0 = Release|Any CPU
		{F6B2700A-4575-4068-B436-2ABA6450D61E}.Debug|Any CPU.ActiveCfg = Debug|Any CPU
		{F6B2700A-4575-4068-B436-2ABA6450D61E}.Debug|Any CPU.Build.0 = Debug|Any CPU
		{F6B2700A-4575-4068-B436-2ABA6450D61E}.Release|Any CPU.ActiveCfg = Release|Any CPU
		{F6B2700A-4575-4068-B436-2ABA6450D61E}.Release|Any CPU.Build.0 = Release|Any CPU
		{81C74657-5300-4637-9205-0B860398AA92}.Debug|Any CPU.ActiveCfg = Debug|Any CPU
		{81C74657-5300-4637-9205-0B860398AA92}.Debug|Any CPU.Build.0 = Debug|Any CPU
		{81C74657-5300-4637-9205-0B860398AA92}.Release|Any CPU.ActiveCfg = Release|Any CPU
		{81C74657-5300-4637-9205-0B860398AA92}.Release|Any CPU.Build.0 = Release|Any CPU
		{0B69EA3F-AA5B-47FE-8133-C0470173041F}.Debug|Any CPU.ActiveCfg = Debug|Any CPU
		{0B69EA3F-AA5B-47FE-8133-C0470173041F}.Debug|Any CPU.Build.0 = Debug|Any CPU
		{0B69EA3F-AA5B-47FE-8133-C0470173041F}.Release|Any CPU.ActiveCfg = Release|Any CPU
		{0B69EA3F-AA5B-47FE-8133-C0470173041F}.Release|Any CPU.Build.0 = Release|Any CPU
		{1F131BC1-C064-4653-8B2E-CF4C832D3F0B}.Debug|Any CPU.ActiveCfg = Debug|Any CPU
		{1F131BC1-C064-4653-8B2E-CF4C832D3F0B}.Debug|Any CPU.Build.0 = Debug|Any CPU
		{1F131BC1-C064-4653-8B2E-CF4C832D3F0B}.Release|Any CPU.ActiveCfg = Release|Any CPU
		{1F131BC1-C064-4653-8B2E-CF4C832D3F0B}.Release|Any CPU.Build.0 = Release|Any CPU
		{6D88A3DD-2FC8-4897-83D7-C8FD7EA1E8F0}.Debug|Any CPU.ActiveCfg = Debug|Any CPU
		{6D88A3DD-2FC8-4897-83D7-C8FD7EA1E8F0}.Debug|Any CPU.Build.0 = Debug|Any CPU
		{6D88A3DD-2FC8-4897-83D7-C8FD7EA1E8F0}.Release|Any CPU.ActiveCfg = Release|Any CPU
		{6D88A3DD-2FC8-4897-83D7-C8FD7EA1E8F0}.Release|Any CPU.Build.0 = Release|Any CPU
		{90D41412-6CA7-4457-9159-8922DC0A40B2}.Debug|Any CPU.ActiveCfg = Debug|Any CPU
		{90D41412-6CA7-4457-9159-8922DC0A40B2}.Debug|Any CPU.Build.0 = Debug|Any CPU
		{90D41412-6CA7-4457-9159-8922DC0A40B2}.Release|Any CPU.ActiveCfg = Release|Any CPU
		{90D41412-6CA7-4457-9159-8922DC0A40B2}.Release|Any CPU.Build.0 = Release|Any CPU
		{CE365754-DA9E-4641-BDA2-443F1CF8CFE3}.Debug|Any CPU.ActiveCfg = Debug|Any CPU
		{CE365754-DA9E-4641-BDA2-443F1CF8CFE3}.Debug|Any CPU.Build.0 = Debug|Any CPU
		{CE365754-DA9E-4641-BDA2-443F1CF8CFE3}.Release|Any CPU.ActiveCfg = Release|Any CPU
		{CE365754-DA9E-4641-BDA2-443F1CF8CFE3}.Release|Any CPU.Build.0 = Release|Any CPU
	EndGlobalSection
	GlobalSection(SolutionProperties) = preSolution
		HideSolutionNode = FALSE
	EndGlobalSection
EndGlobal
