
Microsoft Visual Studio Solution File, Format Version 12.00
# Visual Studio 15
VisualStudioVersion = 15.0.26430.14
MinimumVisualStudioVersion = 10.0.40219.1
Project("{FAE04EC0-301F-11D3-BF4B-00C04F79EFBC}") = "02. Count Substring Occurrences", "02. Count Substring Occurrences\02. Count Substring Occurrences.csproj", "{737FC66A-4586-41CD-859A-0EAC7A3EE0F4}"
EndProject
Project("{FAE04EC0-301F-11D3-BF4B-00C04F79EFBC}") = "01. Reverse String", "01. Reverse String\01. Reverse String.csproj", "{1EF5F41D-D0F0-4487-AF04-A7820C80E775}"
EndProject
Project("{FAE04EC0-301F-11D3-BF4B-00C04F79EFBC}") = "03. Text Filter", "03. Text Filter\03. Text Filter.csproj", "{69D7966D-F5AB-44E9-9325-2484C462FB7E}"
EndProject
Project("{FAE04EC0-301F-11D3-BF4B-00C04F79EFBC}") = "04. Palindromes", "04. Palindromes\04. Palindromes.csproj", "{0843080A-B6AE-4A2A-A988-F6FA8C85686F}"
EndProject
Project("{FAE04EC0-301F-11D3-BF4B-00C04F79EFBC}") = "01. Placeholders", "01. Placeholders\01. Placeholders.csproj", "{813ED282-EFE5-413E-B3CB-47D9E412589B}"
EndProject
Project("{FAE04EC0-301F-11D3-BF4B-00C04F79EFBC}") = "02. JSON Stringify", "02. JSON Stringify\02. JSON Stringify.csproj", "{F67FC746-7464-4D24-8686-E7A7A71A067C}"
EndProject
Project("{FAE04EC0-301F-11D3-BF4B-00C04F79EFBC}") = "03. JSON Parse", "03. JSON Parse\03. JSON Parse.csproj", "{739F419A-F070-4416-A6E4-EFC4634BEF75}"
EndProject
Project("{FAE04EC0-301F-11D3-BF4B-00C04F79EFBC}") = "04. Sentence Split", "04. Sentence Split\04. Sentence Split.csproj", "{A27B9531-6BF2-4FA0-984F-2E55EDF838DE}"
EndProject
Project("{FAE04EC0-301F-11D3-BF4B-00C04F79EFBC}") = "05. Capitalize Words", "05. Capitalize Words\05. Capitalize Words.csproj", "{5761135A-8673-4F5B-B298-A4DDEA540B13}"
EndProject
Project("{FAE04EC0-301F-11D3-BF4B-00C04F79EFBC}") = "01. Serialize String", "01. Serialize String\01. Serialize String.csproj", "{A93283D6-CE77-4417-ADDE-53A939D1ED1A}"
EndProject
Project("{FAE04EC0-301F-11D3-BF4B-00C04F79EFBC}") = "02. Stateless", "02. Stateless\02. Stateless.csproj", "{4F2E9C38-DDFA-483E-9494-7F5519C9EC70}"
EndProject
Project("{FAE04EC0-301F-11D3-BF4B-00C04F79EFBC}") = "03. Pyramidic", "03. Pyramidic\03. Pyramidic.csproj", "{CE40FF2D-E4A5-43EB-869F-EC41D98786A0}"
EndProject
Project("{FAE04EC0-301F-11D3-BF4B-00C04F79EFBC}") = "04. Nilapdromes", "04. Nilapdromes\04. Nilapdromes.csproj", "{4F35ADFB-329A-4AC2-991B-0A89DB132D2E}"
EndProject
Project("{FAE04EC0-301F-11D3-BF4B-00C04F79EFBC}") = "01. Convert from base-10 to base-N", "01. Convert from base-10 to base-N\01. Convert from base-10 to base-N.csproj", "{25221DE7-97A2-40FC-96A3-BA849A398C5A}"
EndProject
Project("{FAE04EC0-301F-11D3-BF4B-00C04F79EFBC}") = "02. Convert from base-N to base-10", "02. Convert from base-N to base-10\02. Convert from base-N to base-10.csproj", "{19030E5E-8AB5-4235-BCF1-59B62F34B1A9}"
EndProject
Project("{FAE04EC0-301F-11D3-BF4B-00C04F79EFBC}") = "03. Unicode Characters", "03. Unicode Characters\03. Unicode Characters.csproj", "{8C1B057B-0A2A-4A20-853E-BB92886ABFB9}"
EndProject
Project("{FAE04EC0-301F-11D3-BF4B-00C04F79EFBC}") = "04. Character Multiplier", "04. Character Multiplier\04. Character Multiplier.csproj", "{057C66A7-811D-444A-9CAB-215220FD9F6F}"
EndProject
Project("{FAE04EC0-301F-11D3-BF4B-00C04F79EFBC}") = "05. Magic exchangeable words", "05. Magic exchangeable words\05. Magic exchangeable words.csproj", "{F54489F8-87F4-4D38-B6D8-C43CBD1C1F25}"
EndProject
Project("{FAE04EC0-301F-11D3-BF4B-00C04F79EFBC}") = "06. Sum big numbers", "06. Sum big numbers\06. Sum big numbers.csproj", "{6588D7F1-0378-4A68-87D6-EEBE0DD9668E}"
EndProject
Project("{FAE04EC0-301F-11D3-BF4B-00C04F79EFBC}") = "07. Multiply big numbe", "07. Multiply big numbe\07. Multiply big numbe.csproj", "{E0FF14A1-1AD7-4B6C-9691-D0457CE6B20F}"
EndProject
Project("{FAE04EC0-301F-11D3-BF4B-00C04F79EFBC}") = "08. Letters Change Numbers", "08. Letters Change Numbers\08. Letters Change Numbers.csproj", "{EB8969ED-2DC1-479C-B4C4-74754ACB774C}"
EndProject
Global
	GlobalSection(SolutionConfigurationPlatforms) = preSolution
		Debug|Any CPU = Debug|Any CPU
		Release|Any CPU = Release|Any CPU
	EndGlobalSection
	GlobalSection(ProjectConfigurationPlatforms) = postSolution
		{737FC66A-4586-41CD-859A-0EAC7A3EE0F4}.Debug|Any CPU.ActiveCfg = Debug|Any CPU
		{737FC66A-4586-41CD-859A-0EAC7A3EE0F4}.Debug|Any CPU.Build.0 = Debug|Any CPU
		{737FC66A-4586-41CD-859A-0EAC7A3EE0F4}.Release|Any CPU.ActiveCfg = Release|Any CPU
		{737FC66A-4586-41CD-859A-0EAC7A3EE0F4}.Release|Any CPU.Build.0 = Release|Any CPU
		{1EF5F41D-D0F0-4487-AF04-A7820C80E775}.Debug|Any CPU.ActiveCfg = Debug|Any CPU
		{1EF5F41D-D0F0-4487-AF04-A7820C80E775}.Debug|Any CPU.Build.0 = Debug|Any CPU
		{1EF5F41D-D0F0-4487-AF04-A7820C80E775}.Release|Any CPU.ActiveCfg = Release|Any CPU
		{1EF5F41D-D0F0-4487-AF04-A7820C80E775}.Release|Any CPU.Build.0 = Release|Any CPU
		{69D7966D-F5AB-44E9-9325-2484C462FB7E}.Debug|Any CPU.ActiveCfg = Debug|Any CPU
		{69D7966D-F5AB-44E9-9325-2484C462FB7E}.Debug|Any CPU.Build.0 = Debug|Any CPU
		{69D7966D-F5AB-44E9-9325-2484C462FB7E}.Release|Any CPU.ActiveCfg = Release|Any CPU
		{69D7966D-F5AB-44E9-9325-2484C462FB7E}.Release|Any CPU.Build.0 = Release|Any CPU
		{0843080A-B6AE-4A2A-A988-F6FA8C85686F}.Debug|Any CPU.ActiveCfg = Debug|Any CPU
		{0843080A-B6AE-4A2A-A988-F6FA8C85686F}.Debug|Any CPU.Build.0 = Debug|Any CPU
		{0843080A-B6AE-4A2A-A988-F6FA8C85686F}.Release|Any CPU.ActiveCfg = Release|Any CPU
		{0843080A-B6AE-4A2A-A988-F6FA8C85686F}.Release|Any CPU.Build.0 = Release|Any CPU
		{813ED282-EFE5-413E-B3CB-47D9E412589B}.Debug|Any CPU.ActiveCfg = Debug|Any CPU
		{813ED282-EFE5-413E-B3CB-47D9E412589B}.Debug|Any CPU.Build.0 = Debug|Any CPU
		{813ED282-EFE5-413E-B3CB-47D9E412589B}.Release|Any CPU.ActiveCfg = Release|Any CPU
		{813ED282-EFE5-413E-B3CB-47D9E412589B}.Release|Any CPU.Build.0 = Release|Any CPU
		{F67FC746-7464-4D24-8686-E7A7A71A067C}.Debug|Any CPU.ActiveCfg = Debug|Any CPU
		{F67FC746-7464-4D24-8686-E7A7A71A067C}.Debug|Any CPU.Build.0 = Debug|Any CPU
		{F67FC746-7464-4D24-8686-E7A7A71A067C}.Release|Any CPU.ActiveCfg = Release|Any CPU
		{F67FC746-7464-4D24-8686-E7A7A71A067C}.Release|Any CPU.Build.0 = Release|Any CPU
		{739F419A-F070-4416-A6E4-EFC4634BEF75}.Debug|Any CPU.ActiveCfg = Debug|Any CPU
		{739F419A-F070-4416-A6E4-EFC4634BEF75}.Debug|Any CPU.Build.0 = Debug|Any CPU
		{739F419A-F070-4416-A6E4-EFC4634BEF75}.Release|Any CPU.ActiveCfg = Release|Any CPU
		{739F419A-F070-4416-A6E4-EFC4634BEF75}.Release|Any CPU.Build.0 = Release|Any CPU
		{A27B9531-6BF2-4FA0-984F-2E55EDF838DE}.Debug|Any CPU.ActiveCfg = Debug|Any CPU
		{A27B9531-6BF2-4FA0-984F-2E55EDF838DE}.Debug|Any CPU.Build.0 = Debug|Any CPU
		{A27B9531-6BF2-4FA0-984F-2E55EDF838DE}.Release|Any CPU.ActiveCfg = Release|Any CPU
		{A27B9531-6BF2-4FA0-984F-2E55EDF838DE}.Release|Any CPU.Build.0 = Release|Any CPU
		{5761135A-8673-4F5B-B298-A4DDEA540B13}.Debug|Any CPU.ActiveCfg = Debug|Any CPU
		{5761135A-8673-4F5B-B298-A4DDEA540B13}.Debug|Any CPU.Build.0 = Debug|Any CPU
		{5761135A-8673-4F5B-B298-A4DDEA540B13}.Release|Any CPU.ActiveCfg = Release|Any CPU
		{5761135A-8673-4F5B-B298-A4DDEA540B13}.Release|Any CPU.Build.0 = Release|Any CPU
		{A93283D6-CE77-4417-ADDE-53A939D1ED1A}.Debug|Any CPU.ActiveCfg = Debug|Any CPU
		{A93283D6-CE77-4417-ADDE-53A939D1ED1A}.Debug|Any CPU.Build.0 = Debug|Any CPU
		{A93283D6-CE77-4417-ADDE-53A939D1ED1A}.Release|Any CPU.ActiveCfg = Release|Any CPU
		{A93283D6-CE77-4417-ADDE-53A939D1ED1A}.Release|Any CPU.Build.0 = Release|Any CPU
		{4F2E9C38-DDFA-483E-9494-7F5519C9EC70}.Debug|Any CPU.ActiveCfg = Debug|Any CPU
		{4F2E9C38-DDFA-483E-9494-7F5519C9EC70}.Debug|Any CPU.Build.0 = Debug|Any CPU
		{4F2E9C38-DDFA-483E-9494-7F5519C9EC70}.Release|Any CPU.ActiveCfg = Release|Any CPU
		{4F2E9C38-DDFA-483E-9494-7F5519C9EC70}.Release|Any CPU.Build.0 = Release|Any CPU
		{CE40FF2D-E4A5-43EB-869F-EC41D98786A0}.Debug|Any CPU.ActiveCfg = Debug|Any CPU
		{CE40FF2D-E4A5-43EB-869F-EC41D98786A0}.Debug|Any CPU.Build.0 = Debug|Any CPU
		{CE40FF2D-E4A5-43EB-869F-EC41D98786A0}.Release|Any CPU.ActiveCfg = Release|Any CPU
		{CE40FF2D-E4A5-43EB-869F-EC41D98786A0}.Release|Any CPU.Build.0 = Release|Any CPU
		{4F35ADFB-329A-4AC2-991B-0A89DB132D2E}.Debug|Any CPU.ActiveCfg = Debug|Any CPU
		{4F35ADFB-329A-4AC2-991B-0A89DB132D2E}.Debug|Any CPU.Build.0 = Debug|Any CPU
		{4F35ADFB-329A-4AC2-991B-0A89DB132D2E}.Release|Any CPU.ActiveCfg = Release|Any CPU
		{4F35ADFB-329A-4AC2-991B-0A89DB132D2E}.Release|Any CPU.Build.0 = Release|Any CPU
		{25221DE7-97A2-40FC-96A3-BA849A398C5A}.Debug|Any CPU.ActiveCfg = Debug|Any CPU
		{25221DE7-97A2-40FC-96A3-BA849A398C5A}.Debug|Any CPU.Build.0 = Debug|Any CPU
		{25221DE7-97A2-40FC-96A3-BA849A398C5A}.Release|Any CPU.ActiveCfg = Release|Any CPU
		{25221DE7-97A2-40FC-96A3-BA849A398C5A}.Release|Any CPU.Build.0 = Release|Any CPU
		{19030E5E-8AB5-4235-BCF1-59B62F34B1A9}.Debug|Any CPU.ActiveCfg = Debug|Any CPU
		{19030E5E-8AB5-4235-BCF1-59B62F34B1A9}.Debug|Any CPU.Build.0 = Debug|Any CPU
		{19030E5E-8AB5-4235-BCF1-59B62F34B1A9}.Release|Any CPU.ActiveCfg = Release|Any CPU
		{19030E5E-8AB5-4235-BCF1-59B62F34B1A9}.Release|Any CPU.Build.0 = Release|Any CPU
		{8C1B057B-0A2A-4A20-853E-BB92886ABFB9}.Debug|Any CPU.ActiveCfg = Debug|Any CPU
		{8C1B057B-0A2A-4A20-853E-BB92886ABFB9}.Debug|Any CPU.Build.0 = Debug|Any CPU
		{8C1B057B-0A2A-4A20-853E-BB92886ABFB9}.Release|Any CPU.ActiveCfg = Release|Any CPU
		{8C1B057B-0A2A-4A20-853E-BB92886ABFB9}.Release|Any CPU.Build.0 = Release|Any CPU
		{057C66A7-811D-444A-9CAB-215220FD9F6F}.Debug|Any CPU.ActiveCfg = Debug|Any CPU
		{057C66A7-811D-444A-9CAB-215220FD9F6F}.Debug|Any CPU.Build.0 = Debug|Any CPU
		{057C66A7-811D-444A-9CAB-215220FD9F6F}.Release|Any CPU.ActiveCfg = Release|Any CPU
		{057C66A7-811D-444A-9CAB-215220FD9F6F}.Release|Any CPU.Build.0 = Release|Any CPU
		{F54489F8-87F4-4D38-B6D8-C43CBD1C1F25}.Debug|Any CPU.ActiveCfg = Debug|Any CPU
		{F54489F8-87F4-4D38-B6D8-C43CBD1C1F25}.Debug|Any CPU.Build.0 = Debug|Any CPU
		{F54489F8-87F4-4D38-B6D8-C43CBD1C1F25}.Release|Any CPU.ActiveCfg = Release|Any CPU
		{F54489F8-87F4-4D38-B6D8-C43CBD1C1F25}.Release|Any CPU.Build.0 = Release|Any CPU
		{6588D7F1-0378-4A68-87D6-EEBE0DD9668E}.Debug|Any CPU.ActiveCfg = Debug|Any CPU
		{6588D7F1-0378-4A68-87D6-EEBE0DD9668E}.Debug|Any CPU.Build.0 = Debug|Any CPU
		{6588D7F1-0378-4A68-87D6-EEBE0DD9668E}.Release|Any CPU.ActiveCfg = Release|Any CPU
		{6588D7F1-0378-4A68-87D6-EEBE0DD9668E}.Release|Any CPU.Build.0 = Release|Any CPU
		{E0FF14A1-1AD7-4B6C-9691-D0457CE6B20F}.Debug|Any CPU.ActiveCfg = Debug|Any CPU
		{E0FF14A1-1AD7-4B6C-9691-D0457CE6B20F}.Debug|Any CPU.Build.0 = Debug|Any CPU
		{E0FF14A1-1AD7-4B6C-9691-D0457CE6B20F}.Release|Any CPU.ActiveCfg = Release|Any CPU
		{E0FF14A1-1AD7-4B6C-9691-D0457CE6B20F}.Release|Any CPU.Build.0 = Release|Any CPU
		{EB8969ED-2DC1-479C-B4C4-74754ACB774C}.Debug|Any CPU.ActiveCfg = Debug|Any CPU
		{EB8969ED-2DC1-479C-B4C4-74754ACB774C}.Debug|Any CPU.Build.0 = Debug|Any CPU
		{EB8969ED-2DC1-479C-B4C4-74754ACB774C}.Release|Any CPU.ActiveCfg = Release|Any CPU
		{EB8969ED-2DC1-479C-B4C4-74754ACB774C}.Release|Any CPU.Build.0 = Release|Any CPU
	EndGlobalSection
	GlobalSection(SolutionProperties) = preSolution
		HideSolutionNode = FALSE
	EndGlobalSection
EndGlobal
