
Microsoft Visual Studio Solution File, Format Version 12.00
# Visual Studio 14
VisualStudioVersion = 14.0.25420.1
MinimumVisualStudioVersion = 10.0.40219.1
Project("{FAE04EC0-301F-11D3-BF4B-00C04F79EFBC}") = "01. Min, Max, Sum, Average", "01. Min, Max, Sum, Average\01. Min, Max, Sum, Average.csproj", "{42724F3B-8F2E-4DD8-B1A0-C22829DEC51B}"
EndProject
Project("{FAE04EC0-301F-11D3-BF4B-00C04F79EFBC}") = "02. Largest 3 Numbers", "02. Largest 3 Numbers\02. Largest 3 Numbers.csproj", "{A7F05A45-7175-45DE-AC77-F35D1455DF4D}"
EndProject
Project("{FAE04EC0-301F-11D3-BF4B-00C04F79EFBC}") = "03. Short Words Sorted", "03. Short Words Sorted\03. Short Words Sorted.csproj", "{B37DB67B-F064-484A-BAAF-FFD8B9670B1A}"
EndProject
Project("{FAE04EC0-301F-11D3-BF4B-00C04F79EFBC}") = "04. Fold and Sum", "04. Fold and Sum\04. Fold and Sum.csproj", "{EB62D3FE-3F09-4BF7-82A9-A975AB78A014}"
EndProject
Project("{FAE04EC0-301F-11D3-BF4B-00C04F79EFBC}") = "01. Register Users", "01. Register Users\01. Register Users.csproj", "{9EF56A2A-8B8A-4800-BB25-16EC11502E2F}"
EndProject
Project("{FAE04EC0-301F-11D3-BF4B-00C04F79EFBC}") = "02. Default Values", "02. Default Values\02. Default Values.csproj", "{DA5D9389-BCE5-44B2-AB2D-A33B0D6E2AC2}"
EndProject
Project("{FAE04EC0-301F-11D3-BF4B-00C04F79EFBC}") = "03. Flatten Dictionary", "03. Flatten Dictionary\03. Flatten Dictionary.csproj", "{3C2152E9-23BB-4047-930B-DB2E0E5C3318}"
EndProject
Project("{FAE04EC0-301F-11D3-BF4B-00C04F79EFBC}") = "04.  CottageScraper", "04.  CottageScraper\04.  CottageScraper.csproj", "{2EDA0F87-275F-4E08-ADF9-23BC28848938}"
EndProject
Project("{FAE04EC0-301F-11D3-BF4B-00C04F79EFBC}") = "01. Lambada Expressions", "01. Lambada Expressions\01. Lambada Expressions.csproj", "{6212FE1E-90DF-454F-8366-CCF7C417B7CD}"
EndProject
Project("{FAE04EC0-301F-11D3-BF4B-00C04F79EFBC}") = "02. Ordered Banking System", "02. Ordered Banking System\02. Ordered Banking System.csproj", "{64EA18C7-C2DD-4103-A252-5CDD0ED037D0}"
EndProject
Project("{FAE04EC0-301F-11D3-BF4B-00C04F79EFBC}") = "03. LINQuistics", "03. LINQuistics\03. LINQuistics.csproj", "{D54D30A2-222C-443E-94E3-43762D5C1C63}"
EndProject
Global
	GlobalSection(SolutionConfigurationPlatforms) = preSolution
		Debug|Any CPU = Debug|Any CPU
		Release|Any CPU = Release|Any CPU
	EndGlobalSection
	GlobalSection(ProjectConfigurationPlatforms) = postSolution
		{42724F3B-8F2E-4DD8-B1A0-C22829DEC51B}.Debug|Any CPU.ActiveCfg = Debug|Any CPU
		{42724F3B-8F2E-4DD8-B1A0-C22829DEC51B}.Debug|Any CPU.Build.0 = Debug|Any CPU
		{42724F3B-8F2E-4DD8-B1A0-C22829DEC51B}.Release|Any CPU.ActiveCfg = Release|Any CPU
		{42724F3B-8F2E-4DD8-B1A0-C22829DEC51B}.Release|Any CPU.Build.0 = Release|Any CPU
		{A7F05A45-7175-45DE-AC77-F35D1455DF4D}.Debug|Any CPU.ActiveCfg = Debug|Any CPU
		{A7F05A45-7175-45DE-AC77-F35D1455DF4D}.Debug|Any CPU.Build.0 = Debug|Any CPU
		{A7F05A45-7175-45DE-AC77-F35D1455DF4D}.Release|Any CPU.ActiveCfg = Release|Any CPU
		{A7F05A45-7175-45DE-AC77-F35D1455DF4D}.Release|Any CPU.Build.0 = Release|Any CPU
		{B37DB67B-F064-484A-BAAF-FFD8B9670B1A}.Debug|Any CPU.ActiveCfg = Debug|Any CPU
		{B37DB67B-F064-484A-BAAF-FFD8B9670B1A}.Debug|Any CPU.Build.0 = Debug|Any CPU
		{B37DB67B-F064-484A-BAAF-FFD8B9670B1A}.Release|Any CPU.ActiveCfg = Release|Any CPU
		{B37DB67B-F064-484A-BAAF-FFD8B9670B1A}.Release|Any CPU.Build.0 = Release|Any CPU
		{EB62D3FE-3F09-4BF7-82A9-A975AB78A014}.Debug|Any CPU.ActiveCfg = Debug|Any CPU
		{EB62D3FE-3F09-4BF7-82A9-A975AB78A014}.Debug|Any CPU.Build.0 = Debug|Any CPU
		{EB62D3FE-3F09-4BF7-82A9-A975AB78A014}.Release|Any CPU.ActiveCfg = Release|Any CPU
		{EB62D3FE-3F09-4BF7-82A9-A975AB78A014}.Release|Any CPU.Build.0 = Release|Any CPU
		{9EF56A2A-8B8A-4800-BB25-16EC11502E2F}.Debug|Any CPU.ActiveCfg = Debug|Any CPU
		{9EF56A2A-8B8A-4800-BB25-16EC11502E2F}.Debug|Any CPU.Build.0 = Debug|Any CPU
		{9EF56A2A-8B8A-4800-BB25-16EC11502E2F}.Release|Any CPU.ActiveCfg = Release|Any CPU
		{9EF56A2A-8B8A-4800-BB25-16EC11502E2F}.Release|Any CPU.Build.0 = Release|Any CPU
		{DA5D9389-BCE5-44B2-AB2D-A33B0D6E2AC2}.Debug|Any CPU.ActiveCfg = Debug|Any CPU
		{DA5D9389-BCE5-44B2-AB2D-A33B0D6E2AC2}.Debug|Any CPU.Build.0 = Debug|Any CPU
		{DA5D9389-BCE5-44B2-AB2D-A33B0D6E2AC2}.Release|Any CPU.ActiveCfg = Release|Any CPU
		{DA5D9389-BCE5-44B2-AB2D-A33B0D6E2AC2}.Release|Any CPU.Build.0 = Release|Any CPU
		{3C2152E9-23BB-4047-930B-DB2E0E5C3318}.Debug|Any CPU.ActiveCfg = Debug|Any CPU
		{3C2152E9-23BB-4047-930B-DB2E0E5C3318}.Debug|Any CPU.Build.0 = Debug|Any CPU
		{3C2152E9-23BB-4047-930B-DB2E0E5C3318}.Release|Any CPU.ActiveCfg = Release|Any CPU
		{3C2152E9-23BB-4047-930B-DB2E0E5C3318}.Release|Any CPU.Build.0 = Release|Any CPU
		{2EDA0F87-275F-4E08-ADF9-23BC28848938}.Debug|Any CPU.ActiveCfg = Debug|Any CPU
		{2EDA0F87-275F-4E08-ADF9-23BC28848938}.Debug|Any CPU.Build.0 = Debug|Any CPU
		{2EDA0F87-275F-4E08-ADF9-23BC28848938}.Release|Any CPU.ActiveCfg = Release|Any CPU
		{2EDA0F87-275F-4E08-ADF9-23BC28848938}.Release|Any CPU.Build.0 = Release|Any CPU
		{6212FE1E-90DF-454F-8366-CCF7C417B7CD}.Debug|Any CPU.ActiveCfg = Debug|Any CPU
		{6212FE1E-90DF-454F-8366-CCF7C417B7CD}.Debug|Any CPU.Build.0 = Debug|Any CPU
		{6212FE1E-90DF-454F-8366-CCF7C417B7CD}.Release|Any CPU.ActiveCfg = Release|Any CPU
		{6212FE1E-90DF-454F-8366-CCF7C417B7CD}.Release|Any CPU.Build.0 = Release|Any CPU
		{64EA18C7-C2DD-4103-A252-5CDD0ED037D0}.Debug|Any CPU.ActiveCfg = Debug|Any CPU
		{64EA18C7-C2DD-4103-A252-5CDD0ED037D0}.Debug|Any CPU.Build.0 = Debug|Any CPU
		{64EA18C7-C2DD-4103-A252-5CDD0ED037D0}.Release|Any CPU.ActiveCfg = Release|Any CPU
		{64EA18C7-C2DD-4103-A252-5CDD0ED037D0}.Release|Any CPU.Build.0 = Release|Any CPU
		{D54D30A2-222C-443E-94E3-43762D5C1C63}.Debug|Any CPU.ActiveCfg = Debug|Any CPU
		{D54D30A2-222C-443E-94E3-43762D5C1C63}.Debug|Any CPU.Build.0 = Debug|Any CPU
		{D54D30A2-222C-443E-94E3-43762D5C1C63}.Release|Any CPU.ActiveCfg = Release|Any CPU
		{D54D30A2-222C-443E-94E3-43762D5C1C63}.Release|Any CPU.Build.0 = Release|Any CPU
	EndGlobalSection
	GlobalSection(SolutionProperties) = preSolution
		HideSolutionNode = FALSE
	EndGlobalSection
EndGlobal
