
Microsoft Visual Studio Solution File, Format Version 12.00
# Visual Studio 15
VisualStudioVersion = 15.0.26430.14
MinimumVisualStudioVersion = 10.0.40219.1
Project("{FAE04EC0-301F-11D3-BF4B-00C04F79EFBC}") = "01. Match Full Name", "01. Match Full Name\01. Match Full Name.csproj", "{4A8D38A0-F6C7-4A81-ADBF-9A2F9D85D190}"
EndProject
Project("{FAE04EC0-301F-11D3-BF4B-00C04F79EFBC}") = "02. Match Phone Number", "02. Match Phone Number\02. Match Phone Number.csproj", "{0D082C9A-1ACA-45A2-8B8D-D9C4DACAF3EB}"
EndProject
Project("{FAE04EC0-301F-11D3-BF4B-00C04F79EFBC}") = "03. Match Hexadecimal Numbers", "03. Match Hexadecimal Numbers\03. Match Hexadecimal Numbers.csproj", "{32C456FD-31A3-49D4-A014-B5884CBDD503}"
EndProject
Project("{FAE04EC0-301F-11D3-BF4B-00C04F79EFBC}") = "04. Match Dates", "04. Match Dates\04. Match Dates.csproj", "{C2760C25-E277-409A-8791-B3B5F8E7B5C4}"
EndProject
Project("{FAE04EC0-301F-11D3-BF4B-00C04F79EFBC}") = "05. Match Numbers", "05. Match Numbers\05. Match Numbers.csproj", "{282FE280-C4EE-4B01-918D-DF26479AAE76}"
EndProject
Project("{FAE04EC0-301F-11D3-BF4B-00C04F79EFBC}") = "06. Replace a Tag", "06. Replace a Tag\06. Replace a Tag.csproj", "{2C71D2E0-E142-460B-9665-EEBFD989B4FC}"
EndProject
Project("{FAE04EC0-301F-11D3-BF4B-00C04F79EFBC}") = "01. Extract Emails", "01. Extract Emails\01. Extract Emails.csproj", "{290B73D3-0F3E-4AFD-B8D1-94469450E57E}"
EndProject
Project("{FAE04EC0-301F-11D3-BF4B-00C04F79EFBC}") = "02. Extract Sentences by Keyword", "02. Extract Sentences by Keyword\02. Extract Sentences by Keyword.csproj", "{39B964CC-C44F-48F1-B710-A577D5E52E27}"
EndProject
Project("{FAE04EC0-301F-11D3-BF4B-00C04F79EFBC}") = "03. Camera View", "03. Camera View\03. Camera View.csproj", "{9CA868AD-0159-43DD-B90E-2853D79C1435}"
EndProject
Project("{FAE04EC0-301F-11D3-BF4B-00C04F79EFBC}") = "04. Weather", "04. Weather\04. Weather.csproj", "{B3708886-05AB-46B7-92D7-E986232C2EE5}"
EndProject
Project("{FAE04EC0-301F-11D3-BF4B-00C04F79EFBC}") = "05. Key Replacer", "05. Key Replacer\05. Key Replacer.csproj", "{53DBC2E7-CBC1-4764-8D39-E593D326B42B}"
EndProject
Project("{FAE04EC0-301F-11D3-BF4B-00C04F79EFBC}") = "06. Valid Usernames", "06. Valid Usernames\06. Valid Usernames.csproj", "{CA520002-DDA5-4C1D-8B97-209F33675680}"
EndProject
Project("{FAE04EC0-301F-11D3-BF4B-00C04F79EFBC}") = "07. Query Mess", "07. Query Mess\07. Query Mess.csproj", "{2A8A0C00-98A9-4188-A4DB-B27C2448012B}"
EndProject
Project("{FAE04EC0-301F-11D3-BF4B-00C04F79EFBC}") = "08. Use Your Chains, Buddy", "08. Use Your Chains, Buddy\08. Use Your Chains, Buddy.csproj", "{2CB9473F-976C-40F7-97D9-8B20229AC0B9}"
EndProject
Global
	GlobalSection(SolutionConfigurationPlatforms) = preSolution
		Debug|Any CPU = Debug|Any CPU
		Release|Any CPU = Release|Any CPU
	EndGlobalSection
	GlobalSection(ProjectConfigurationPlatforms) = postSolution
		{4A8D38A0-F6C7-4A81-ADBF-9A2F9D85D190}.Debug|Any CPU.ActiveCfg = Debug|Any CPU
		{4A8D38A0-F6C7-4A81-ADBF-9A2F9D85D190}.Debug|Any CPU.Build.0 = Debug|Any CPU
		{4A8D38A0-F6C7-4A81-ADBF-9A2F9D85D190}.Release|Any CPU.ActiveCfg = Release|Any CPU
		{4A8D38A0-F6C7-4A81-ADBF-9A2F9D85D190}.Release|Any CPU.Build.0 = Release|Any CPU
		{0D082C9A-1ACA-45A2-8B8D-D9C4DACAF3EB}.Debug|Any CPU.ActiveCfg = Debug|Any CPU
		{0D082C9A-1ACA-45A2-8B8D-D9C4DACAF3EB}.Debug|Any CPU.Build.0 = Debug|Any CPU
		{0D082C9A-1ACA-45A2-8B8D-D9C4DACAF3EB}.Release|Any CPU.ActiveCfg = Release|Any CPU
		{0D082C9A-1ACA-45A2-8B8D-D9C4DACAF3EB}.Release|Any CPU.Build.0 = Release|Any CPU
		{32C456FD-31A3-49D4-A014-B5884CBDD503}.Debug|Any CPU.ActiveCfg = Debug|Any CPU
		{32C456FD-31A3-49D4-A014-B5884CBDD503}.Debug|Any CPU.Build.0 = Debug|Any CPU
		{32C456FD-31A3-49D4-A014-B5884CBDD503}.Release|Any CPU.ActiveCfg = Release|Any CPU
		{32C456FD-31A3-49D4-A014-B5884CBDD503}.Release|Any CPU.Build.0 = Release|Any CPU
		{C2760C25-E277-409A-8791-B3B5F8E7B5C4}.Debug|Any CPU.ActiveCfg = Debug|Any CPU
		{C2760C25-E277-409A-8791-B3B5F8E7B5C4}.Debug|Any CPU.Build.0 = Debug|Any CPU
		{C2760C25-E277-409A-8791-B3B5F8E7B5C4}.Release|Any CPU.ActiveCfg = Release|Any CPU
		{C2760C25-E277-409A-8791-B3B5F8E7B5C4}.Release|Any CPU.Build.0 = Release|Any CPU
		{282FE280-C4EE-4B01-918D-DF26479AAE76}.Debug|Any CPU.ActiveCfg = Debug|Any CPU
		{282FE280-C4EE-4B01-918D-DF26479AAE76}.Debug|Any CPU.Build.0 = Debug|Any CPU
		{282FE280-C4EE-4B01-918D-DF26479AAE76}.Release|Any CPU.ActiveCfg = Release|Any CPU
		{282FE280-C4EE-4B01-918D-DF26479AAE76}.Release|Any CPU.Build.0 = Release|Any CPU
		{2C71D2E0-E142-460B-9665-EEBFD989B4FC}.Debug|Any CPU.ActiveCfg = Debug|Any CPU
		{2C71D2E0-E142-460B-9665-EEBFD989B4FC}.Debug|Any CPU.Build.0 = Debug|Any CPU
		{2C71D2E0-E142-460B-9665-EEBFD989B4FC}.Release|Any CPU.ActiveCfg = Release|Any CPU
		{2C71D2E0-E142-460B-9665-EEBFD989B4FC}.Release|Any CPU.Build.0 = Release|Any CPU
		{290B73D3-0F3E-4AFD-B8D1-94469450E57E}.Debug|Any CPU.ActiveCfg = Debug|Any CPU
		{290B73D3-0F3E-4AFD-B8D1-94469450E57E}.Debug|Any CPU.Build.0 = Debug|Any CPU
		{290B73D3-0F3E-4AFD-B8D1-94469450E57E}.Release|Any CPU.ActiveCfg = Release|Any CPU
		{290B73D3-0F3E-4AFD-B8D1-94469450E57E}.Release|Any CPU.Build.0 = Release|Any CPU
		{39B964CC-C44F-48F1-B710-A577D5E52E27}.Debug|Any CPU.ActiveCfg = Debug|Any CPU
		{39B964CC-C44F-48F1-B710-A577D5E52E27}.Debug|Any CPU.Build.0 = Debug|Any CPU
		{39B964CC-C44F-48F1-B710-A577D5E52E27}.Release|Any CPU.ActiveCfg = Release|Any CPU
		{39B964CC-C44F-48F1-B710-A577D5E52E27}.Release|Any CPU.Build.0 = Release|Any CPU
		{9CA868AD-0159-43DD-B90E-2853D79C1435}.Debug|Any CPU.ActiveCfg = Debug|Any CPU
		{9CA868AD-0159-43DD-B90E-2853D79C1435}.Debug|Any CPU.Build.0 = Debug|Any CPU
		{9CA868AD-0159-43DD-B90E-2853D79C1435}.Release|Any CPU.ActiveCfg = Release|Any CPU
		{9CA868AD-0159-43DD-B90E-2853D79C1435}.Release|Any CPU.Build.0 = Release|Any CPU
		{B3708886-05AB-46B7-92D7-E986232C2EE5}.Debug|Any CPU.ActiveCfg = Debug|Any CPU
		{B3708886-05AB-46B7-92D7-E986232C2EE5}.Debug|Any CPU.Build.0 = Debug|Any CPU
		{B3708886-05AB-46B7-92D7-E986232C2EE5}.Release|Any CPU.ActiveCfg = Release|Any CPU
		{B3708886-05AB-46B7-92D7-E986232C2EE5}.Release|Any CPU.Build.0 = Release|Any CPU
		{53DBC2E7-CBC1-4764-8D39-E593D326B42B}.Debug|Any CPU.ActiveCfg = Debug|Any CPU
		{53DBC2E7-CBC1-4764-8D39-E593D326B42B}.Debug|Any CPU.Build.0 = Debug|Any CPU
		{53DBC2E7-CBC1-4764-8D39-E593D326B42B}.Release|Any CPU.ActiveCfg = Release|Any CPU
		{53DBC2E7-CBC1-4764-8D39-E593D326B42B}.Release|Any CPU.Build.0 = Release|Any CPU
		{CA520002-DDA5-4C1D-8B97-209F33675680}.Debug|Any CPU.ActiveCfg = Debug|Any CPU
		{CA520002-DDA5-4C1D-8B97-209F33675680}.Debug|Any CPU.Build.0 = Debug|Any CPU
		{CA520002-DDA5-4C1D-8B97-209F33675680}.Release|Any CPU.ActiveCfg = Release|Any CPU
		{CA520002-DDA5-4C1D-8B97-209F33675680}.Release|Any CPU.Build.0 = Release|Any CPU
		{2A8A0C00-98A9-4188-A4DB-B27C2448012B}.Debug|Any CPU.ActiveCfg = Debug|Any CPU
		{2A8A0C00-98A9-4188-A4DB-B27C2448012B}.Debug|Any CPU.Build.0 = Debug|Any CPU
		{2A8A0C00-98A9-4188-A4DB-B27C2448012B}.Release|Any CPU.ActiveCfg = Release|Any CPU
		{2A8A0C00-98A9-4188-A4DB-B27C2448012B}.Release|Any CPU.Build.0 = Release|Any CPU
		{2CB9473F-976C-40F7-97D9-8B20229AC0B9}.Debug|Any CPU.ActiveCfg = Debug|Any CPU
		{2CB9473F-976C-40F7-97D9-8B20229AC0B9}.Debug|Any CPU.Build.0 = Debug|Any CPU
		{2CB9473F-976C-40F7-97D9-8B20229AC0B9}.Release|Any CPU.ActiveCfg = Release|Any CPU
		{2CB9473F-976C-40F7-97D9-8B20229AC0B9}.Release|Any CPU.Build.0 = Release|Any CPU
	EndGlobalSection
	GlobalSection(SolutionProperties) = preSolution
		HideSolutionNode = FALSE
	EndGlobalSection
EndGlobal
