
Microsoft Visual Studio Solution File, Format Version 12.00
# Visual Studio 14
VisualStudioVersion = 14.0.25420.1
MinimumVisualStudioVersion = 10.0.40219.1
Project("{FAE04EC0-301F-11D3-BF4B-00C04F79EFBC}") = "MultiplyEvenByOddDigits", "MultiplyEvenByOddDigits\MultiplyEvenByOddDigits.csproj", "{661F0707-63AB-48F4-811E-5EEF39D1E134}"
EndProject
Project("{FAE04EC0-301F-11D3-BF4B-00C04F79EFBC}") = "HolidaysBetweenTwoDates", "HolidaysBetweenTwoDates\HolidaysBetweenTwoDates.csproj", "{272BEA50-084E-4F57-BA01-2829B3AEC6EC}"
EndProject
Project("{FAE04EC0-301F-11D3-BF4B-00C04F79EFBC}") = "PriceChangeAlert", "PriceChangeAlert\PriceChangeAlert.csproj", "{BF24630F-1E21-4FA3-98CD-8B895F0727A5}"
EndProject
Project("{FAE04EC0-301F-11D3-BF4B-00C04F79EFBC}") = "TrickyStrings", "TrickyStrings\TrickyStrings.csproj", "{88BBAB32-799E-4905-8C45-4A71DEE7B172}"
EndProject
Project("{FAE04EC0-301F-11D3-BF4B-00C04F79EFBC}") = "TriangleFormations", "TriangleFormations\TriangleFormations.csproj", "{CF137B4E-C049-4076-995B-D98461B9C25A}"
EndProject
Project("{FAE04EC0-301F-11D3-BF4B-00C04F79EFBC}") = "Tetris", "Tetris\Tetris.csproj", "{0A5510DA-51B7-4160-8AA4-49F14B48EF77}"
EndProject
Project("{FAE04EC0-301F-11D3-BF4B-00C04F79EFBC}") = "MiningCoins", "MiningCoins\MiningCoins.csproj", "{08239AC1-FA8C-4166-A417-D605F01B4B16}"
EndProject
Project("{FAE04EC0-301F-11D3-BF4B-00C04F79EFBC}") = "DoublePalindromes", "DoublePalindromes\DoublePalindromes.csproj", "{07C6C5EE-FF91-4F37-A007-70A0EBC5AE78}"
EndProject
Global
	GlobalSection(SolutionConfigurationPlatforms) = preSolution
		Debug|Any CPU = Debug|Any CPU
		Release|Any CPU = Release|Any CPU
	EndGlobalSection
	GlobalSection(ProjectConfigurationPlatforms) = postSolution
		{661F0707-63AB-48F4-811E-5EEF39D1E134}.Debug|Any CPU.ActiveCfg = Debug|Any CPU
		{661F0707-63AB-48F4-811E-5EEF39D1E134}.Debug|Any CPU.Build.0 = Debug|Any CPU
		{661F0707-63AB-48F4-811E-5EEF39D1E134}.Release|Any CPU.ActiveCfg = Release|Any CPU
		{661F0707-63AB-48F4-811E-5EEF39D1E134}.Release|Any CPU.Build.0 = Release|Any CPU
		{272BEA50-084E-4F57-BA01-2829B3AEC6EC}.Debug|Any CPU.ActiveCfg = Debug|Any CPU
		{272BEA50-084E-4F57-BA01-2829B3AEC6EC}.Debug|Any CPU.Build.0 = Debug|Any CPU
		{272BEA50-084E-4F57-BA01-2829B3AEC6EC}.Release|Any CPU.ActiveCfg = Release|Any CPU
		{272BEA50-084E-4F57-BA01-2829B3AEC6EC}.Release|Any CPU.Build.0 = Release|Any CPU
		{BF24630F-1E21-4FA3-98CD-8B895F0727A5}.Debug|Any CPU.ActiveCfg = Debug|Any CPU
		{BF24630F-1E21-4FA3-98CD-8B895F0727A5}.Debug|Any CPU.Build.0 = Debug|Any CPU
		{BF24630F-1E21-4FA3-98CD-8B895F0727A5}.Release|Any CPU.ActiveCfg = Release|Any CPU
		{BF24630F-1E21-4FA3-98CD-8B895F0727A5}.Release|Any CPU.Build.0 = Release|Any CPU
		{88BBAB32-799E-4905-8C45-4A71DEE7B172}.Debug|Any CPU.ActiveCfg = Debug|Any CPU
		{88BBAB32-799E-4905-8C45-4A71DEE7B172}.Debug|Any CPU.Build.0 = Debug|Any CPU
		{88BBAB32-799E-4905-8C45-4A71DEE7B172}.Release|Any CPU.ActiveCfg = Release|Any CPU
		{88BBAB32-799E-4905-8C45-4A71DEE7B172}.Release|Any CPU.Build.0 = Release|Any CPU
		{CF137B4E-C049-4076-995B-D98461B9C25A}.Debug|Any CPU.ActiveCfg = Debug|Any CPU
		{CF137B4E-C049-4076-995B-D98461B9C25A}.Debug|Any CPU.Build.0 = Debug|Any CPU
		{CF137B4E-C049-4076-995B-D98461B9C25A}.Release|Any CPU.ActiveCfg = Release|Any CPU
		{CF137B4E-C049-4076-995B-D98461B9C25A}.Release|Any CPU.Build.0 = Release|Any CPU
		{0A5510DA-51B7-4160-8AA4-49F14B48EF77}.Debug|Any CPU.ActiveCfg = Debug|Any CPU
		{0A5510DA-51B7-4160-8AA4-49F14B48EF77}.Debug|Any CPU.Build.0 = Debug|Any CPU
		{0A5510DA-51B7-4160-8AA4-49F14B48EF77}.Release|Any CPU.ActiveCfg = Release|Any CPU
		{0A5510DA-51B7-4160-8AA4-49F14B48EF77}.Release|Any CPU.Build.0 = Release|Any CPU
		{08239AC1-FA8C-4166-A417-D605F01B4B16}.Debug|Any CPU.ActiveCfg = Debug|Any CPU
		{08239AC1-FA8C-4166-A417-D605F01B4B16}.Debug|Any CPU.Build.0 = Debug|Any CPU
		{08239AC1-FA8C-4166-A417-D605F01B4B16}.Release|Any CPU.ActiveCfg = Release|Any CPU
		{08239AC1-FA8C-4166-A417-D605F01B4B16}.Release|Any CPU.Build.0 = Release|Any CPU
		{07C6C5EE-FF91-4F37-A007-70A0EBC5AE78}.Debug|Any CPU.ActiveCfg = Debug|Any CPU
		{07C6C5EE-FF91-4F37-A007-70A0EBC5AE78}.Debug|Any CPU.Build.0 = Debug|Any CPU
		{07C6C5EE-FF91-4F37-A007-70A0EBC5AE78}.Release|Any CPU.ActiveCfg = Release|Any CPU
		{07C6C5EE-FF91-4F37-A007-70A0EBC5AE78}.Release|Any CPU.Build.0 = Release|Any CPU
	EndGlobalSection
	GlobalSection(SolutionProperties) = preSolution
		HideSolutionNode = FALSE
	EndGlobalSection
EndGlobal
